
Microsoft Visual Studio Solution File, Format Version 12.00
# Visual Studio 14
VisualStudioVersion = 14.0.25123.0
MinimumVisualStudioVersion = 10.0.40219.1
Project("{FAE04EC0-301F-11D3-BF4B-00C04F79EFBC}") = "MobileKidsIdApp.Droid", "MobileKidsIdApp\MobileKidsIdApp.Droid\MobileKidsIdApp.Droid.csproj", "{1FE1D250-48F5-4552-9260-A5A7E720DBDB}"
EndProject
Project("{FAE04EC0-301F-11D3-BF4B-00C04F79EFBC}") = "MobileKidsIdApp.iOS", "MobileKidsIdApp\MobileKidsIdApp.iOS\MobileKidsIdApp.iOS.csproj", "{88D151DE-4BBB-482D-B387-2AC5BCEFEDF0}"
EndProject
Project("{FAE04EC0-301F-11D3-BF4B-00C04F79EFBC}") = "MobileKidsIdApp.WinPhone", "MobileKidsIdApp\MobileKidsIdApp.WinPhone\MobileKidsIdApp.WinPhone.csproj", "{609E0098-4C13-48B6-BF31-4A2D3FFD6D72}"
EndProject
Project("{FAE04EC0-301F-11D3-BF4B-00C04F79EFBC}") = "MobileKidsIdApp.UWP", "MobileKidsIdApp\MobileKidsIdApp.UWP\MobileKidsIdApp.UWP.csproj", "{DCCC64E7-3022-46BA-8C01-70450BED7CF4}"
EndProject
Project("{FAE04EC0-301F-11D3-BF4B-00C04F79EFBC}") = "MobileKidsIdApp", "MobileKidsIdApp\MobileKidsIdApp\MobileKidsIdApp.csproj", "{DBFA565D-D4D0-459E-8259-7C8D78CF7B9E}"
EndProject
Project("{FAE04EC0-301F-11D3-BF4B-00C04F79EFBC}") = "MobileKidsIdApp.Models", "MobileKidsIdApp\MobileKidsIdApp.Models\MobileKidsIdApp.Models.csproj", "{67F9D3A8-F71E-4428-913F-C37AE82CDB24}"
EndProject
Project("{FAE04EC0-301F-11D3-BF4B-00C04F79EFBC}") = "MobileKidsIdApp.DataAccess", "MobileKidsIdApp\MobileKidsIdApp.DataAccess\MobileKidsIdApp.DataAccess.csproj", "{0057354D-D5BB-4BB2-9D3E-1406FE1F7D7F}"
EndProject
Global
	GlobalSection(SolutionConfigurationPlatforms) = preSolution
		Ad-Hoc|Any CPU = Ad-Hoc|Any CPU
		Ad-Hoc|ARM = Ad-Hoc|ARM
		Ad-Hoc|iPhone = Ad-Hoc|iPhone
		Ad-Hoc|iPhoneSimulator = Ad-Hoc|iPhoneSimulator
		Ad-Hoc|x64 = Ad-Hoc|x64
		Ad-Hoc|x86 = Ad-Hoc|x86
		AppStore|Any CPU = AppStore|Any CPU
		AppStore|ARM = AppStore|ARM
		AppStore|iPhone = AppStore|iPhone
		AppStore|iPhoneSimulator = AppStore|iPhoneSimulator
		AppStore|x64 = AppStore|x64
		AppStore|x86 = AppStore|x86
		Debug|Any CPU = Debug|Any CPU
		Debug|ARM = Debug|ARM
		Debug|iPhone = Debug|iPhone
		Debug|iPhoneSimulator = Debug|iPhoneSimulator
		Debug|x64 = Debug|x64
		Debug|x86 = Debug|x86
		Release|Any CPU = Release|Any CPU
		Release|ARM = Release|ARM
		Release|iPhone = Release|iPhone
		Release|iPhoneSimulator = Release|iPhoneSimulator
		Release|x64 = Release|x64
		Release|x86 = Release|x86
	EndGlobalSection
	GlobalSection(ProjectConfigurationPlatforms) = postSolution
		{1FE1D250-48F5-4552-9260-A5A7E720DBDB}.Ad-Hoc|Any CPU.ActiveCfg = Release|Any CPU
		{1FE1D250-48F5-4552-9260-A5A7E720DBDB}.Ad-Hoc|Any CPU.Build.0 = Release|Any CPU
		{1FE1D250-48F5-4552-9260-A5A7E720DBDB}.Ad-Hoc|Any CPU.Deploy.0 = Release|Any CPU
		{1FE1D250-48F5-4552-9260-A5A7E720DBDB}.Ad-Hoc|ARM.ActiveCfg = Release|Any CPU
		{1FE1D250-48F5-4552-9260-A5A7E720DBDB}.Ad-Hoc|ARM.Build.0 = Release|Any CPU
		{1FE1D250-48F5-4552-9260-A5A7E720DBDB}.Ad-Hoc|ARM.Deploy.0 = Release|Any CPU
		{1FE1D250-48F5-4552-9260-A5A7E720DBDB}.Ad-Hoc|iPhone.ActiveCfg = Release|Any CPU
		{1FE1D250-48F5-4552-9260-A5A7E720DBDB}.Ad-Hoc|iPhone.Build.0 = Release|Any CPU
		{1FE1D250-48F5-4552-9260-A5A7E720DBDB}.Ad-Hoc|iPhone.Deploy.0 = Release|Any CPU
		{1FE1D250-48F5-4552-9260-A5A7E720DBDB}.Ad-Hoc|iPhoneSimulator.ActiveCfg = Release|Any CPU
		{1FE1D250-48F5-4552-9260-A5A7E720DBDB}.Ad-Hoc|iPhoneSimulator.Build.0 = Release|Any CPU
		{1FE1D250-48F5-4552-9260-A5A7E720DBDB}.Ad-Hoc|iPhoneSimulator.Deploy.0 = Release|Any CPU
		{1FE1D250-48F5-4552-9260-A5A7E720DBDB}.Ad-Hoc|x64.ActiveCfg = Release|Any CPU
		{1FE1D250-48F5-4552-9260-A5A7E720DBDB}.Ad-Hoc|x64.Build.0 = Release|Any CPU
		{1FE1D250-48F5-4552-9260-A5A7E720DBDB}.Ad-Hoc|x64.Deploy.0 = Release|Any CPU
		{1FE1D250-48F5-4552-9260-A5A7E720DBDB}.Ad-Hoc|x86.ActiveCfg = Release|Any CPU
		{1FE1D250-48F5-4552-9260-A5A7E720DBDB}.Ad-Hoc|x86.Build.0 = Release|Any CPU
		{1FE1D250-48F5-4552-9260-A5A7E720DBDB}.Ad-Hoc|x86.Deploy.0 = Release|Any CPU
		{1FE1D250-48F5-4552-9260-A5A7E720DBDB}.AppStore|Any CPU.ActiveCfg = Release|Any CPU
		{1FE1D250-48F5-4552-9260-A5A7E720DBDB}.AppStore|Any CPU.Build.0 = Release|Any CPU
		{1FE1D250-48F5-4552-9260-A5A7E720DBDB}.AppStore|Any CPU.Deploy.0 = Release|Any CPU
		{1FE1D250-48F5-4552-9260-A5A7E720DBDB}.AppStore|ARM.ActiveCfg = Release|Any CPU
		{1FE1D250-48F5-4552-9260-A5A7E720DBDB}.AppStore|ARM.Build.0 = Release|Any CPU
		{1FE1D250-48F5-4552-9260-A5A7E720DBDB}.AppStore|ARM.Deploy.0 = Release|Any CPU
		{1FE1D250-48F5-4552-9260-A5A7E720DBDB}.AppStore|iPhone.ActiveCfg = Release|Any CPU
		{1FE1D250-48F5-4552-9260-A5A7E720DBDB}.AppStore|iPhone.Build.0 = Release|Any CPU
		{1FE1D250-48F5-4552-9260-A5A7E720DBDB}.AppStore|iPhone.Deploy.0 = Release|Any CPU
		{1FE1D250-48F5-4552-9260-A5A7E720DBDB}.AppStore|iPhoneSimulator.ActiveCfg = Release|Any CPU
		{1FE1D250-48F5-4552-9260-A5A7E720DBDB}.AppStore|iPhoneSimulator.Build.0 = Release|Any CPU
		{1FE1D250-48F5-4552-9260-A5A7E720DBDB}.AppStore|iPhoneSimulator.Deploy.0 = Release|Any CPU
		{1FE1D250-48F5-4552-9260-A5A7E720DBDB}.AppStore|x64.ActiveCfg = Release|Any CPU
		{1FE1D250-48F5-4552-9260-A5A7E720DBDB}.AppStore|x64.Build.0 = Release|Any CPU
		{1FE1D250-48F5-4552-9260-A5A7E720DBDB}.AppStore|x64.Deploy.0 = Release|Any CPU
		{1FE1D250-48F5-4552-9260-A5A7E720DBDB}.AppStore|x86.ActiveCfg = Release|Any CPU
		{1FE1D250-48F5-4552-9260-A5A7E720DBDB}.AppStore|x86.Build.0 = Release|Any CPU
		{1FE1D250-48F5-4552-9260-A5A7E720DBDB}.AppStore|x86.Deploy.0 = Release|Any CPU
		{1FE1D250-48F5-4552-9260-A5A7E720DBDB}.Debug|Any CPU.ActiveCfg = Debug|Any CPU
		{1FE1D250-48F5-4552-9260-A5A7E720DBDB}.Debug|Any CPU.Build.0 = Debug|Any CPU
		{1FE1D250-48F5-4552-9260-A5A7E720DBDB}.Debug|Any CPU.Deploy.0 = Debug|Any CPU
		{1FE1D250-48F5-4552-9260-A5A7E720DBDB}.Debug|ARM.ActiveCfg = Debug|Any CPU
		{1FE1D250-48F5-4552-9260-A5A7E720DBDB}.Debug|ARM.Build.0 = Debug|Any CPU
		{1FE1D250-48F5-4552-9260-A5A7E720DBDB}.Debug|ARM.Deploy.0 = Debug|Any CPU
		{1FE1D250-48F5-4552-9260-A5A7E720DBDB}.Debug|iPhone.ActiveCfg = Debug|Any CPU
		{1FE1D250-48F5-4552-9260-A5A7E720DBDB}.Debug|iPhone.Build.0 = Debug|Any CPU
		{1FE1D250-48F5-4552-9260-A5A7E720DBDB}.Debug|iPhone.Deploy.0 = Debug|Any CPU
		{1FE1D250-48F5-4552-9260-A5A7E720DBDB}.Debug|iPhoneSimulator.ActiveCfg = Debug|Any CPU
		{1FE1D250-48F5-4552-9260-A5A7E720DBDB}.Debug|iPhoneSimulator.Build.0 = Debug|Any CPU
		{1FE1D250-48F5-4552-9260-A5A7E720DBDB}.Debug|iPhoneSimulator.Deploy.0 = Debug|Any CPU
		{1FE1D250-48F5-4552-9260-A5A7E720DBDB}.Debug|x64.ActiveCfg = Debug|Any CPU
		{1FE1D250-48F5-4552-9260-A5A7E720DBDB}.Debug|x64.Build.0 = Debug|Any CPU
		{1FE1D250-48F5-4552-9260-A5A7E720DBDB}.Debug|x64.Deploy.0 = Debug|Any CPU
		{1FE1D250-48F5-4552-9260-A5A7E720DBDB}.Debug|x86.ActiveCfg = Debug|Any CPU
		{1FE1D250-48F5-4552-9260-A5A7E720DBDB}.Debug|x86.Build.0 = Debug|Any CPU
		{1FE1D250-48F5-4552-9260-A5A7E720DBDB}.Debug|x86.Deploy.0 = Debug|Any CPU
		{1FE1D250-48F5-4552-9260-A5A7E720DBDB}.Release|Any CPU.ActiveCfg = Release|Any CPU
		{1FE1D250-48F5-4552-9260-A5A7E720DBDB}.Release|Any CPU.Build.0 = Release|Any CPU
		{1FE1D250-48F5-4552-9260-A5A7E720DBDB}.Release|Any CPU.Deploy.0 = Release|Any CPU
		{1FE1D250-48F5-4552-9260-A5A7E720DBDB}.Release|ARM.ActiveCfg = Release|Any CPU
		{1FE1D250-48F5-4552-9260-A5A7E720DBDB}.Release|ARM.Build.0 = Release|Any CPU
		{1FE1D250-48F5-4552-9260-A5A7E720DBDB}.Release|ARM.Deploy.0 = Release|Any CPU
		{1FE1D250-48F5-4552-9260-A5A7E720DBDB}.Release|iPhone.ActiveCfg = Release|Any CPU
		{1FE1D250-48F5-4552-9260-A5A7E720DBDB}.Release|iPhone.Build.0 = Release|Any CPU
		{1FE1D250-48F5-4552-9260-A5A7E720DBDB}.Release|iPhone.Deploy.0 = Release|Any CPU
		{1FE1D250-48F5-4552-9260-A5A7E720DBDB}.Release|iPhoneSimulator.ActiveCfg = Release|Any CPU
		{1FE1D250-48F5-4552-9260-A5A7E720DBDB}.Release|iPhoneSimulator.Build.0 = Release|Any CPU
		{1FE1D250-48F5-4552-9260-A5A7E720DBDB}.Release|iPhoneSimulator.Deploy.0 = Release|Any CPU
		{1FE1D250-48F5-4552-9260-A5A7E720DBDB}.Release|x64.ActiveCfg = Release|Any CPU
		{1FE1D250-48F5-4552-9260-A5A7E720DBDB}.Release|x64.Build.0 = Release|Any CPU
		{1FE1D250-48F5-4552-9260-A5A7E720DBDB}.Release|x64.Deploy.0 = Release|Any CPU
		{1FE1D250-48F5-4552-9260-A5A7E720DBDB}.Release|x86.ActiveCfg = Release|Any CPU
		{1FE1D250-48F5-4552-9260-A5A7E720DBDB}.Release|x86.Build.0 = Release|Any CPU
		{1FE1D250-48F5-4552-9260-A5A7E720DBDB}.Release|x86.Deploy.0 = Release|Any CPU
		{88D151DE-4BBB-482D-B387-2AC5BCEFEDF0}.Ad-Hoc|Any CPU.ActiveCfg = Ad-Hoc|iPhone
		{88D151DE-4BBB-482D-B387-2AC5BCEFEDF0}.Ad-Hoc|ARM.ActiveCfg = Ad-Hoc|iPhone
		{88D151DE-4BBB-482D-B387-2AC5BCEFEDF0}.Ad-Hoc|iPhone.ActiveCfg = Ad-Hoc|iPhone
		{88D151DE-4BBB-482D-B387-2AC5BCEFEDF0}.Ad-Hoc|iPhone.Build.0 = Ad-Hoc|iPhone
		{88D151DE-4BBB-482D-B387-2AC5BCEFEDF0}.Ad-Hoc|iPhoneSimulator.ActiveCfg = Ad-Hoc|iPhoneSimulator
		{88D151DE-4BBB-482D-B387-2AC5BCEFEDF0}.Ad-Hoc|iPhoneSimulator.Build.0 = Ad-Hoc|iPhoneSimulator
		{88D151DE-4BBB-482D-B387-2AC5BCEFEDF0}.Ad-Hoc|x64.ActiveCfg = Ad-Hoc|iPhone
		{88D151DE-4BBB-482D-B387-2AC5BCEFEDF0}.Ad-Hoc|x86.ActiveCfg = Ad-Hoc|iPhone
		{88D151DE-4BBB-482D-B387-2AC5BCEFEDF0}.AppStore|Any CPU.ActiveCfg = AppStore|iPhone
		{88D151DE-4BBB-482D-B387-2AC5BCEFEDF0}.AppStore|ARM.ActiveCfg = AppStore|iPhone
		{88D151DE-4BBB-482D-B387-2AC5BCEFEDF0}.AppStore|iPhone.ActiveCfg = AppStore|iPhone
		{88D151DE-4BBB-482D-B387-2AC5BCEFEDF0}.AppStore|iPhone.Build.0 = AppStore|iPhone
		{88D151DE-4BBB-482D-B387-2AC5BCEFEDF0}.AppStore|iPhoneSimulator.ActiveCfg = AppStore|iPhoneSimulator
		{88D151DE-4BBB-482D-B387-2AC5BCEFEDF0}.AppStore|iPhoneSimulator.Build.0 = AppStore|iPhoneSimulator
		{88D151DE-4BBB-482D-B387-2AC5BCEFEDF0}.AppStore|x64.ActiveCfg = AppStore|iPhone
		{88D151DE-4BBB-482D-B387-2AC5BCEFEDF0}.AppStore|x86.ActiveCfg = AppStore|iPhone
		{88D151DE-4BBB-482D-B387-2AC5BCEFEDF0}.Debug|Any CPU.ActiveCfg = Debug|iPhone
		{88D151DE-4BBB-482D-B387-2AC5BCEFEDF0}.Debug|ARM.ActiveCfg = Debug|iPhone
		{88D151DE-4BBB-482D-B387-2AC5BCEFEDF0}.Debug|iPhone.ActiveCfg = Debug|iPhone
		{88D151DE-4BBB-482D-B387-2AC5BCEFEDF0}.Debug|iPhone.Build.0 = Debug|iPhone
		{88D151DE-4BBB-482D-B387-2AC5BCEFEDF0}.Debug|iPhoneSimulator.ActiveCfg = Debug|iPhoneSimulator
		{88D151DE-4BBB-482D-B387-2AC5BCEFEDF0}.Debug|iPhoneSimulator.Build.0 = Debug|iPhoneSimulator
		{88D151DE-4BBB-482D-B387-2AC5BCEFEDF0}.Debug|x64.ActiveCfg = Debug|iPhone
		{88D151DE-4BBB-482D-B387-2AC5BCEFEDF0}.Debug|x86.ActiveCfg = Debug|iPhone
		{88D151DE-4BBB-482D-B387-2AC5BCEFEDF0}.Release|Any CPU.ActiveCfg = Release|iPhone
		{88D151DE-4BBB-482D-B387-2AC5BCEFEDF0}.Release|ARM.ActiveCfg = Release|iPhone
		{88D151DE-4BBB-482D-B387-2AC5BCEFEDF0}.Release|iPhone.ActiveCfg = Release|iPhone
		{88D151DE-4BBB-482D-B387-2AC5BCEFEDF0}.Release|iPhone.Build.0 = Release|iPhone
		{88D151DE-4BBB-482D-B387-2AC5BCEFEDF0}.Release|iPhoneSimulator.ActiveCfg = Release|iPhoneSimulator
		{88D151DE-4BBB-482D-B387-2AC5BCEFEDF0}.Release|iPhoneSimulator.Build.0 = Release|iPhoneSimulator
		{88D151DE-4BBB-482D-B387-2AC5BCEFEDF0}.Release|x64.ActiveCfg = Release|iPhone
		{88D151DE-4BBB-482D-B387-2AC5BCEFEDF0}.Release|x86.ActiveCfg = Release|iPhone
		{609E0098-4C13-48B6-BF31-4A2D3FFD6D72}.Ad-Hoc|Any CPU.ActiveCfg = Release|Any CPU
		{609E0098-4C13-48B6-BF31-4A2D3FFD6D72}.Ad-Hoc|Any CPU.Build.0 = Release|Any CPU
		{609E0098-4C13-48B6-BF31-4A2D3FFD6D72}.Ad-Hoc|Any CPU.Deploy.0 = Release|Any CPU
		{609E0098-4C13-48B6-BF31-4A2D3FFD6D72}.Ad-Hoc|ARM.ActiveCfg = Release|ARM
		{609E0098-4C13-48B6-BF31-4A2D3FFD6D72}.Ad-Hoc|ARM.Build.0 = Release|ARM
		{609E0098-4C13-48B6-BF31-4A2D3FFD6D72}.Ad-Hoc|ARM.Deploy.0 = Release|ARM
		{609E0098-4C13-48B6-BF31-4A2D3FFD6D72}.Ad-Hoc|iPhone.ActiveCfg = Release|Any CPU
		{609E0098-4C13-48B6-BF31-4A2D3FFD6D72}.Ad-Hoc|iPhone.Build.0 = Release|Any CPU
		{609E0098-4C13-48B6-BF31-4A2D3FFD6D72}.Ad-Hoc|iPhone.Deploy.0 = Release|Any CPU
		{609E0098-4C13-48B6-BF31-4A2D3FFD6D72}.Ad-Hoc|iPhoneSimulator.ActiveCfg = Release|Any CPU
		{609E0098-4C13-48B6-BF31-4A2D3FFD6D72}.Ad-Hoc|iPhoneSimulator.Build.0 = Release|Any CPU
		{609E0098-4C13-48B6-BF31-4A2D3FFD6D72}.Ad-Hoc|iPhoneSimulator.Deploy.0 = Release|Any CPU
		{609E0098-4C13-48B6-BF31-4A2D3FFD6D72}.Ad-Hoc|x64.ActiveCfg = Release|Any CPU
		{609E0098-4C13-48B6-BF31-4A2D3FFD6D72}.Ad-Hoc|x64.Build.0 = Release|Any CPU
		{609E0098-4C13-48B6-BF31-4A2D3FFD6D72}.Ad-Hoc|x64.Deploy.0 = Release|Any CPU
		{609E0098-4C13-48B6-BF31-4A2D3FFD6D72}.Ad-Hoc|x86.ActiveCfg = Release|x86
		{609E0098-4C13-48B6-BF31-4A2D3FFD6D72}.Ad-Hoc|x86.Build.0 = Release|x86
		{609E0098-4C13-48B6-BF31-4A2D3FFD6D72}.Ad-Hoc|x86.Deploy.0 = Release|x86
		{609E0098-4C13-48B6-BF31-4A2D3FFD6D72}.AppStore|Any CPU.ActiveCfg = Release|Any CPU
		{609E0098-4C13-48B6-BF31-4A2D3FFD6D72}.AppStore|Any CPU.Build.0 = Release|Any CPU
		{609E0098-4C13-48B6-BF31-4A2D3FFD6D72}.AppStore|Any CPU.Deploy.0 = Release|Any CPU
		{609E0098-4C13-48B6-BF31-4A2D3FFD6D72}.AppStore|ARM.ActiveCfg = Release|ARM
		{609E0098-4C13-48B6-BF31-4A2D3FFD6D72}.AppStore|ARM.Build.0 = Release|ARM
		{609E0098-4C13-48B6-BF31-4A2D3FFD6D72}.AppStore|ARM.Deploy.0 = Release|ARM
		{609E0098-4C13-48B6-BF31-4A2D3FFD6D72}.AppStore|iPhone.ActiveCfg = Release|Any CPU
		{609E0098-4C13-48B6-BF31-4A2D3FFD6D72}.AppStore|iPhone.Build.0 = Release|Any CPU
		{609E0098-4C13-48B6-BF31-4A2D3FFD6D72}.AppStore|iPhone.Deploy.0 = Release|Any CPU
		{609E0098-4C13-48B6-BF31-4A2D3FFD6D72}.AppStore|iPhoneSimulator.ActiveCfg = Release|Any CPU
		{609E0098-4C13-48B6-BF31-4A2D3FFD6D72}.AppStore|iPhoneSimulator.Build.0 = Release|Any CPU
		{609E0098-4C13-48B6-BF31-4A2D3FFD6D72}.AppStore|iPhoneSimulator.Deploy.0 = Release|Any CPU
		{609E0098-4C13-48B6-BF31-4A2D3FFD6D72}.AppStore|x64.ActiveCfg = Release|Any CPU
		{609E0098-4C13-48B6-BF31-4A2D3FFD6D72}.AppStore|x64.Build.0 = Release|Any CPU
		{609E0098-4C13-48B6-BF31-4A2D3FFD6D72}.AppStore|x64.Deploy.0 = Release|Any CPU
		{609E0098-4C13-48B6-BF31-4A2D3FFD6D72}.AppStore|x86.ActiveCfg = Release|x86
		{609E0098-4C13-48B6-BF31-4A2D3FFD6D72}.AppStore|x86.Build.0 = Release|x86
		{609E0098-4C13-48B6-BF31-4A2D3FFD6D72}.AppStore|x86.Deploy.0 = Release|x86
		{609E0098-4C13-48B6-BF31-4A2D3FFD6D72}.Debug|Any CPU.ActiveCfg = Debug|Any CPU
		{609E0098-4C13-48B6-BF31-4A2D3FFD6D72}.Debug|Any CPU.Build.0 = Debug|Any CPU
		{609E0098-4C13-48B6-BF31-4A2D3FFD6D72}.Debug|Any CPU.Deploy.0 = Debug|Any CPU
		{609E0098-4C13-48B6-BF31-4A2D3FFD6D72}.Debug|ARM.ActiveCfg = Debug|ARM
		{609E0098-4C13-48B6-BF31-4A2D3FFD6D72}.Debug|ARM.Build.0 = Debug|ARM
		{609E0098-4C13-48B6-BF31-4A2D3FFD6D72}.Debug|ARM.Deploy.0 = Debug|ARM
		{609E0098-4C13-48B6-BF31-4A2D3FFD6D72}.Debug|iPhone.ActiveCfg = Debug|Any CPU
		{609E0098-4C13-48B6-BF31-4A2D3FFD6D72}.Debug|iPhone.Build.0 = Debug|Any CPU
		{609E0098-4C13-48B6-BF31-4A2D3FFD6D72}.Debug|iPhone.Deploy.0 = Debug|Any CPU
		{609E0098-4C13-48B6-BF31-4A2D3FFD6D72}.Debug|iPhoneSimulator.ActiveCfg = Debug|Any CPU
		{609E0098-4C13-48B6-BF31-4A2D3FFD6D72}.Debug|iPhoneSimulator.Build.0 = Debug|Any CPU
		{609E0098-4C13-48B6-BF31-4A2D3FFD6D72}.Debug|iPhoneSimulator.Deploy.0 = Debug|Any CPU
		{609E0098-4C13-48B6-BF31-4A2D3FFD6D72}.Debug|x64.ActiveCfg = Debug|Any CPU
		{609E0098-4C13-48B6-BF31-4A2D3FFD6D72}.Debug|x64.Build.0 = Debug|Any CPU
		{609E0098-4C13-48B6-BF31-4A2D3FFD6D72}.Debug|x64.Deploy.0 = Debug|Any CPU
		{609E0098-4C13-48B6-BF31-4A2D3FFD6D72}.Debug|x86.ActiveCfg = Debug|x86
		{609E0098-4C13-48B6-BF31-4A2D3FFD6D72}.Debug|x86.Build.0 = Debug|x86
		{609E0098-4C13-48B6-BF31-4A2D3FFD6D72}.Debug|x86.Deploy.0 = Debug|x86
		{609E0098-4C13-48B6-BF31-4A2D3FFD6D72}.Release|Any CPU.ActiveCfg = Release|Any CPU
		{609E0098-4C13-48B6-BF31-4A2D3FFD6D72}.Release|Any CPU.Build.0 = Release|Any CPU
		{609E0098-4C13-48B6-BF31-4A2D3FFD6D72}.Release|Any CPU.Deploy.0 = Release|Any CPU
		{609E0098-4C13-48B6-BF31-4A2D3FFD6D72}.Release|ARM.ActiveCfg = Release|ARM
		{609E0098-4C13-48B6-BF31-4A2D3FFD6D72}.Release|ARM.Build.0 = Release|ARM
		{609E0098-4C13-48B6-BF31-4A2D3FFD6D72}.Release|ARM.Deploy.0 = Release|ARM
		{609E0098-4C13-48B6-BF31-4A2D3FFD6D72}.Release|iPhone.ActiveCfg = Release|Any CPU
		{609E0098-4C13-48B6-BF31-4A2D3FFD6D72}.Release|iPhone.Build.0 = Release|Any CPU
		{609E0098-4C13-48B6-BF31-4A2D3FFD6D72}.Release|iPhone.Deploy.0 = Release|Any CPU
		{609E0098-4C13-48B6-BF31-4A2D3FFD6D72}.Release|iPhoneSimulator.ActiveCfg = Release|Any CPU
		{609E0098-4C13-48B6-BF31-4A2D3FFD6D72}.Release|iPhoneSimulator.Build.0 = Release|Any CPU
		{609E0098-4C13-48B6-BF31-4A2D3FFD6D72}.Release|iPhoneSimulator.Deploy.0 = Release|Any CPU
		{609E0098-4C13-48B6-BF31-4A2D3FFD6D72}.Release|x64.ActiveCfg = Release|Any CPU
		{609E0098-4C13-48B6-BF31-4A2D3FFD6D72}.Release|x64.Build.0 = Release|Any CPU
		{609E0098-4C13-48B6-BF31-4A2D3FFD6D72}.Release|x64.Deploy.0 = Release|Any CPU
		{609E0098-4C13-48B6-BF31-4A2D3FFD6D72}.Release|x86.ActiveCfg = Release|x86
		{609E0098-4C13-48B6-BF31-4A2D3FFD6D72}.Release|x86.Build.0 = Release|x86
		{609E0098-4C13-48B6-BF31-4A2D3FFD6D72}.Release|x86.Deploy.0 = Release|x86
		{DCCC64E7-3022-46BA-8C01-70450BED7CF4}.Ad-Hoc|Any CPU.ActiveCfg = Release|x86
		{DCCC64E7-3022-46BA-8C01-70450BED7CF4}.Ad-Hoc|Any CPU.Build.0 = Release|x86
		{DCCC64E7-3022-46BA-8C01-70450BED7CF4}.Ad-Hoc|Any CPU.Deploy.0 = Release|x86
		{DCCC64E7-3022-46BA-8C01-70450BED7CF4}.Ad-Hoc|ARM.ActiveCfg = Release|ARM
		{DCCC64E7-3022-46BA-8C01-70450BED7CF4}.Ad-Hoc|ARM.Build.0 = Release|ARM
		{DCCC64E7-3022-46BA-8C01-70450BED7CF4}.Ad-Hoc|ARM.Deploy.0 = Release|ARM
		{DCCC64E7-3022-46BA-8C01-70450BED7CF4}.Ad-Hoc|iPhone.ActiveCfg = Release|x86
		{DCCC64E7-3022-46BA-8C01-70450BED7CF4}.Ad-Hoc|iPhone.Build.0 = Release|x86
		{DCCC64E7-3022-46BA-8C01-70450BED7CF4}.Ad-Hoc|iPhone.Deploy.0 = Release|x86
		{DCCC64E7-3022-46BA-8C01-70450BED7CF4}.Ad-Hoc|iPhoneSimulator.ActiveCfg = Release|x86
		{DCCC64E7-3022-46BA-8C01-70450BED7CF4}.Ad-Hoc|iPhoneSimulator.Build.0 = Release|x86
		{DCCC64E7-3022-46BA-8C01-70450BED7CF4}.Ad-Hoc|iPhoneSimulator.Deploy.0 = Release|x86
		{DCCC64E7-3022-46BA-8C01-70450BED7CF4}.Ad-Hoc|x64.ActiveCfg = Release|x64
		{DCCC64E7-3022-46BA-8C01-70450BED7CF4}.Ad-Hoc|x64.Build.0 = Release|x64
		{DCCC64E7-3022-46BA-8C01-70450BED7CF4}.Ad-Hoc|x64.Deploy.0 = Release|x64
		{DCCC64E7-3022-46BA-8C01-70450BED7CF4}.Ad-Hoc|x86.ActiveCfg = Release|x86
		{DCCC64E7-3022-46BA-8C01-70450BED7CF4}.Ad-Hoc|x86.Build.0 = Release|x86
		{DCCC64E7-3022-46BA-8C01-70450BED7CF4}.Ad-Hoc|x86.Deploy.0 = Release|x86
		{DCCC64E7-3022-46BA-8C01-70450BED7CF4}.AppStore|Any CPU.ActiveCfg = Release|x86
		{DCCC64E7-3022-46BA-8C01-70450BED7CF4}.AppStore|Any CPU.Build.0 = Release|x86
		{DCCC64E7-3022-46BA-8C01-70450BED7CF4}.AppStore|Any CPU.Deploy.0 = Release|x86
		{DCCC64E7-3022-46BA-8C01-70450BED7CF4}.AppStore|ARM.ActiveCfg = Release|ARM
		{DCCC64E7-3022-46BA-8C01-70450BED7CF4}.AppStore|ARM.Build.0 = Release|ARM
		{DCCC64E7-3022-46BA-8C01-70450BED7CF4}.AppStore|ARM.Deploy.0 = Release|ARM
		{DCCC64E7-3022-46BA-8C01-70450BED7CF4}.AppStore|iPhone.ActiveCfg = Release|x86
		{DCCC64E7-3022-46BA-8C01-70450BED7CF4}.AppStore|iPhone.Build.0 = Release|x86
		{DCCC64E7-3022-46BA-8C01-70450BED7CF4}.AppStore|iPhone.Deploy.0 = Release|x86
		{DCCC64E7-3022-46BA-8C01-70450BED7CF4}.AppStore|iPhoneSimulator.ActiveCfg = Release|x86
		{DCCC64E7-3022-46BA-8C01-70450BED7CF4}.AppStore|iPhoneSimulator.Build.0 = Release|x86
		{DCCC64E7-3022-46BA-8C01-70450BED7CF4}.AppStore|iPhoneSimulator.Deploy.0 = Release|x86
		{DCCC64E7-3022-46BA-8C01-70450BED7CF4}.AppStore|x64.ActiveCfg = Release|x64
		{DCCC64E7-3022-46BA-8C01-70450BED7CF4}.AppStore|x64.Build.0 = Release|x64
		{DCCC64E7-3022-46BA-8C01-70450BED7CF4}.AppStore|x64.Deploy.0 = Release|x64
		{DCCC64E7-3022-46BA-8C01-70450BED7CF4}.AppStore|x86.ActiveCfg = Release|x86
		{DCCC64E7-3022-46BA-8C01-70450BED7CF4}.AppStore|x86.Build.0 = Release|x86
		{DCCC64E7-3022-46BA-8C01-70450BED7CF4}.AppStore|x86.Deploy.0 = Release|x86
		{DCCC64E7-3022-46BA-8C01-70450BED7CF4}.Debug|Any CPU.ActiveCfg = Debug|x86
		{DCCC64E7-3022-46BA-8C01-70450BED7CF4}.Debug|Any CPU.Build.0 = Debug|x86
		{DCCC64E7-3022-46BA-8C01-70450BED7CF4}.Debug|Any CPU.Deploy.0 = Debug|x86
		{DCCC64E7-3022-46BA-8C01-70450BED7CF4}.Debug|ARM.ActiveCfg = Debug|ARM
		{DCCC64E7-3022-46BA-8C01-70450BED7CF4}.Debug|ARM.Build.0 = Debug|ARM
		{DCCC64E7-3022-46BA-8C01-70450BED7CF4}.Debug|ARM.Deploy.0 = Debug|ARM
		{DCCC64E7-3022-46BA-8C01-70450BED7CF4}.Debug|iPhone.ActiveCfg = Debug|x86
		{DCCC64E7-3022-46BA-8C01-70450BED7CF4}.Debug|iPhoneSimulator.ActiveCfg = Debug|x86
		{DCCC64E7-3022-46BA-8C01-70450BED7CF4}.Debug|x64.ActiveCfg = Debug|x64
		{DCCC64E7-3022-46BA-8C01-70450BED7CF4}.Debug|x64.Build.0 = Debug|x64
		{DCCC64E7-3022-46BA-8C01-70450BED7CF4}.Debug|x64.Deploy.0 = Debug|x64
		{DCCC64E7-3022-46BA-8C01-70450BED7CF4}.Debug|x86.ActiveCfg = Debug|x86
		{DCCC64E7-3022-46BA-8C01-70450BED7CF4}.Debug|x86.Build.0 = Debug|x86
		{DCCC64E7-3022-46BA-8C01-70450BED7CF4}.Debug|x86.Deploy.0 = Debug|x86
		{DCCC64E7-3022-46BA-8C01-70450BED7CF4}.Release|Any CPU.ActiveCfg = Release|x86
		{DCCC64E7-3022-46BA-8C01-70450BED7CF4}.Release|ARM.ActiveCfg = Release|ARM
		{DCCC64E7-3022-46BA-8C01-70450BED7CF4}.Release|ARM.Build.0 = Release|ARM
		{DCCC64E7-3022-46BA-8C01-70450BED7CF4}.Release|ARM.Deploy.0 = Release|ARM
		{DCCC64E7-3022-46BA-8C01-70450BED7CF4}.Release|iPhone.ActiveCfg = Release|x86
		{DCCC64E7-3022-46BA-8C01-70450BED7CF4}.Release|iPhoneSimulator.ActiveCfg = Release|x86
		{DCCC64E7-3022-46BA-8C01-70450BED7CF4}.Release|x64.ActiveCfg = Release|x64
		{DCCC64E7-3022-46BA-8C01-70450BED7CF4}.Release|x64.Build.0 = Release|x64
		{DCCC64E7-3022-46BA-8C01-70450BED7CF4}.Release|x64.Deploy.0 = Release|x64
		{DCCC64E7-3022-46BA-8C01-70450BED7CF4}.Release|x86.ActiveCfg = Release|x86
		{DCCC64E7-3022-46BA-8C01-70450BED7CF4}.Release|x86.Build.0 = Release|x86
		{DCCC64E7-3022-46BA-8C01-70450BED7CF4}.Release|x86.Deploy.0 = Release|x86
		{DBFA565D-D4D0-459E-8259-7C8D78CF7B9E}.Ad-Hoc|Any CPU.ActiveCfg = Release|Any CPU
		{DBFA565D-D4D0-459E-8259-7C8D78CF7B9E}.Ad-Hoc|Any CPU.Build.0 = Release|Any CPU
		{DBFA565D-D4D0-459E-8259-7C8D78CF7B9E}.Ad-Hoc|ARM.ActiveCfg = Release|Any CPU
		{DBFA565D-D4D0-459E-8259-7C8D78CF7B9E}.Ad-Hoc|ARM.Build.0 = Release|Any CPU
		{DBFA565D-D4D0-459E-8259-7C8D78CF7B9E}.Ad-Hoc|iPhone.ActiveCfg = Release|Any CPU
		{DBFA565D-D4D0-459E-8259-7C8D78CF7B9E}.Ad-Hoc|iPhone.Build.0 = Release|Any CPU
		{DBFA565D-D4D0-459E-8259-7C8D78CF7B9E}.Ad-Hoc|iPhoneSimulator.ActiveCfg = Release|Any CPU
		{DBFA565D-D4D0-459E-8259-7C8D78CF7B9E}.Ad-Hoc|iPhoneSimulator.Build.0 = Release|Any CPU
		{DBFA565D-D4D0-459E-8259-7C8D78CF7B9E}.Ad-Hoc|x64.ActiveCfg = Release|Any CPU
		{DBFA565D-D4D0-459E-8259-7C8D78CF7B9E}.Ad-Hoc|x64.Build.0 = Release|Any CPU
		{DBFA565D-D4D0-459E-8259-7C8D78CF7B9E}.Ad-Hoc|x86.ActiveCfg = Release|Any CPU
		{DBFA565D-D4D0-459E-8259-7C8D78CF7B9E}.Ad-Hoc|x86.Build.0 = Release|Any CPU
		{DBFA565D-D4D0-459E-8259-7C8D78CF7B9E}.AppStore|Any CPU.ActiveCfg = Release|Any CPU
		{DBFA565D-D4D0-459E-8259-7C8D78CF7B9E}.AppStore|Any CPU.Build.0 = Release|Any CPU
		{DBFA565D-D4D0-459E-8259-7C8D78CF7B9E}.AppStore|ARM.ActiveCfg = Release|Any CPU
		{DBFA565D-D4D0-459E-8259-7C8D78CF7B9E}.AppStore|ARM.Build.0 = Release|Any CPU
		{DBFA565D-D4D0-459E-8259-7C8D78CF7B9E}.AppStore|iPhone.ActiveCfg = Release|Any CPU
		{DBFA565D-D4D0-459E-8259-7C8D78CF7B9E}.AppStore|iPhone.Build.0 = Release|Any CPU
		{DBFA565D-D4D0-459E-8259-7C8D78CF7B9E}.AppStore|iPhoneSimulator.ActiveCfg = Release|Any CPU
		{DBFA565D-D4D0-459E-8259-7C8D78CF7B9E}.AppStore|iPhoneSimulator.Build.0 = Release|Any CPU
		{DBFA565D-D4D0-459E-8259-7C8D78CF7B9E}.AppStore|x64.ActiveCfg = Release|Any CPU
		{DBFA565D-D4D0-459E-8259-7C8D78CF7B9E}.AppStore|x64.Build.0 = Release|Any CPU
		{DBFA565D-D4D0-459E-8259-7C8D78CF7B9E}.AppStore|x86.ActiveCfg = Release|Any CPU
		{DBFA565D-D4D0-459E-8259-7C8D78CF7B9E}.AppStore|x86.Build.0 = Release|Any CPU
		{DBFA565D-D4D0-459E-8259-7C8D78CF7B9E}.Debug|Any CPU.ActiveCfg = Debug|Any CPU
		{DBFA565D-D4D0-459E-8259-7C8D78CF7B9E}.Debug|Any CPU.Build.0 = Debug|Any CPU
		{DBFA565D-D4D0-459E-8259-7C8D78CF7B9E}.Debug|ARM.ActiveCfg = Debug|Any CPU
		{DBFA565D-D4D0-459E-8259-7C8D78CF7B9E}.Debug|ARM.Build.0 = Debug|Any CPU
		{DBFA565D-D4D0-459E-8259-7C8D78CF7B9E}.Debug|iPhone.ActiveCfg = Debug|Any CPU
		{DBFA565D-D4D0-459E-8259-7C8D78CF7B9E}.Debug|iPhone.Build.0 = Debug|Any CPU
		{DBFA565D-D4D0-459E-8259-7C8D78CF7B9E}.Debug|iPhoneSimulator.ActiveCfg = Debug|Any CPU
		{DBFA565D-D4D0-459E-8259-7C8D78CF7B9E}.Debug|iPhoneSimulator.Build.0 = Debug|Any CPU
		{DBFA565D-D4D0-459E-8259-7C8D78CF7B9E}.Debug|x64.ActiveCfg = Debug|Any CPU
		{DBFA565D-D4D0-459E-8259-7C8D78CF7B9E}.Debug|x64.Build.0 = Debug|Any CPU
		{DBFA565D-D4D0-459E-8259-7C8D78CF7B9E}.Debug|x86.ActiveCfg = Debug|Any CPU
		{DBFA565D-D4D0-459E-8259-7C8D78CF7B9E}.Debug|x86.Build.0 = Debug|Any CPU
		{DBFA565D-D4D0-459E-8259-7C8D78CF7B9E}.Release|Any CPU.ActiveCfg = Release|Any CPU
		{DBFA565D-D4D0-459E-8259-7C8D78CF7B9E}.Release|Any CPU.Build.0 = Release|Any CPU
		{DBFA565D-D4D0-459E-8259-7C8D78CF7B9E}.Release|ARM.ActiveCfg = Release|Any CPU
		{DBFA565D-D4D0-459E-8259-7C8D78CF7B9E}.Release|ARM.Build.0 = Release|Any CPU
		{DBFA565D-D4D0-459E-8259-7C8D78CF7B9E}.Release|iPhone.ActiveCfg = Release|Any CPU
		{DBFA565D-D4D0-459E-8259-7C8D78CF7B9E}.Release|iPhone.Build.0 = Release|Any CPU
		{DBFA565D-D4D0-459E-8259-7C8D78CF7B9E}.Release|iPhoneSimulator.ActiveCfg = Release|Any CPU
		{DBFA565D-D4D0-459E-8259-7C8D78CF7B9E}.Release|iPhoneSimulator.Build.0 = Release|Any CPU
		{DBFA565D-D4D0-459E-8259-7C8D78CF7B9E}.Release|x64.ActiveCfg = Release|Any CPU
		{DBFA565D-D4D0-459E-8259-7C8D78CF7B9E}.Release|x64.Build.0 = Release|Any CPU
		{DBFA565D-D4D0-459E-8259-7C8D78CF7B9E}.Release|x86.ActiveCfg = Release|Any CPU
		{DBFA565D-D4D0-459E-8259-7C8D78CF7B9E}.Release|x86.Build.0 = Release|Any CPU
		{67F9D3A8-F71E-4428-913F-C37AE82CDB24}.Ad-Hoc|Any CPU.ActiveCfg = Release|Any CPU
		{67F9D3A8-F71E-4428-913F-C37AE82CDB24}.Ad-Hoc|Any CPU.Build.0 = Release|Any CPU
		{67F9D3A8-F71E-4428-913F-C37AE82CDB24}.Ad-Hoc|ARM.ActiveCfg = Release|Any CPU
		{67F9D3A8-F71E-4428-913F-C37AE82CDB24}.Ad-Hoc|ARM.Build.0 = Release|Any CPU
		{67F9D3A8-F71E-4428-913F-C37AE82CDB24}.Ad-Hoc|iPhone.ActiveCfg = Release|Any CPU
		{67F9D3A8-F71E-4428-913F-C37AE82CDB24}.Ad-Hoc|iPhone.Build.0 = Release|Any CPU
		{67F9D3A8-F71E-4428-913F-C37AE82CDB24}.Ad-Hoc|iPhoneSimulator.ActiveCfg = Release|Any CPU
		{67F9D3A8-F71E-4428-913F-C37AE82CDB24}.Ad-Hoc|iPhoneSimulator.Build.0 = Release|Any CPU
		{67F9D3A8-F71E-4428-913F-C37AE82CDB24}.Ad-Hoc|x64.ActiveCfg = Release|Any CPU
		{67F9D3A8-F71E-4428-913F-C37AE82CDB24}.Ad-Hoc|x64.Build.0 = Release|Any CPU
		{67F9D3A8-F71E-4428-913F-C37AE82CDB24}.Ad-Hoc|x86.ActiveCfg = Release|Any CPU
		{67F9D3A8-F71E-4428-913F-C37AE82CDB24}.Ad-Hoc|x86.Build.0 = Release|Any CPU
		{67F9D3A8-F71E-4428-913F-C37AE82CDB24}.AppStore|Any CPU.ActiveCfg = Release|Any CPU
		{67F9D3A8-F71E-4428-913F-C37AE82CDB24}.AppStore|Any CPU.Build.0 = Release|Any CPU
		{67F9D3A8-F71E-4428-913F-C37AE82CDB24}.AppStore|ARM.ActiveCfg = Release|Any CPU
		{67F9D3A8-F71E-4428-913F-C37AE82CDB24}.AppStore|ARM.Build.0 = Release|Any CPU
		{67F9D3A8-F71E-4428-913F-C37AE82CDB24}.AppStore|iPhone.ActiveCfg = Release|Any CPU
		{67F9D3A8-F71E-4428-913F-C37AE82CDB24}.AppStore|iPhone.Build.0 = Release|Any CPU
		{67F9D3A8-F71E-4428-913F-C37AE82CDB24}.AppStore|iPhoneSimulator.ActiveCfg = Release|Any CPU
		{67F9D3A8-F71E-4428-913F-C37AE82CDB24}.AppStore|iPhoneSimulator.Build.0 = Release|Any CPU
		{67F9D3A8-F71E-4428-913F-C37AE82CDB24}.AppStore|x64.ActiveCfg = Release|Any CPU
		{67F9D3A8-F71E-4428-913F-C37AE82CDB24}.AppStore|x64.Build.0 = Release|Any CPU
		{67F9D3A8-F71E-4428-913F-C37AE82CDB24}.AppStore|x86.ActiveCfg = Release|Any CPU
		{67F9D3A8-F71E-4428-913F-C37AE82CDB24}.AppStore|x86.Build.0 = Release|Any CPU
		{67F9D3A8-F71E-4428-913F-C37AE82CDB24}.Debug|Any CPU.ActiveCfg = Debug|Any CPU
		{67F9D3A8-F71E-4428-913F-C37AE82CDB24}.Debug|Any CPU.Build.0 = Debug|Any CPU
		{67F9D3A8-F71E-4428-913F-C37AE82CDB24}.Debug|ARM.ActiveCfg = Debug|Any CPU
		{67F9D3A8-F71E-4428-913F-C37AE82CDB24}.Debug|ARM.Build.0 = Debug|Any CPU
		{67F9D3A8-F71E-4428-913F-C37AE82CDB24}.Debug|iPhone.ActiveCfg = Debug|Any CPU
		{67F9D3A8-F71E-4428-913F-C37AE82CDB24}.Debug|iPhone.Build.0 = Debug|Any CPU
		{67F9D3A8-F71E-4428-913F-C37AE82CDB24}.Debug|iPhoneSimulator.ActiveCfg = Debug|Any CPU
		{67F9D3A8-F71E-4428-913F-C37AE82CDB24}.Debug|iPhoneSimulator.Build.0 = Debug|Any CPU
		{67F9D3A8-F71E-4428-913F-C37AE82CDB24}.Debug|x64.ActiveCfg = Debug|Any CPU
		{67F9D3A8-F71E-4428-913F-C37AE82CDB24}.Debug|x64.Build.0 = Debug|Any CPU
		{67F9D3A8-F71E-4428-913F-C37AE82CDB24}.Debug|x86.ActiveCfg = Debug|Any CPU
		{67F9D3A8-F71E-4428-913F-C37AE82CDB24}.Debug|x86.Build.0 = Debug|Any CPU
		{67F9D3A8-F71E-4428-913F-C37AE82CDB24}.Release|Any CPU.ActiveCfg = Release|Any CPU
		{67F9D3A8-F71E-4428-913F-C37AE82CDB24}.Release|Any CPU.Build.0 = Release|Any CPU
		{67F9D3A8-F71E-4428-913F-C37AE82CDB24}.Release|ARM.ActiveCfg = Release|Any CPU
		{67F9D3A8-F71E-4428-913F-C37AE82CDB24}.Release|ARM.Build.0 = Release|Any CPU
		{67F9D3A8-F71E-4428-913F-C37AE82CDB24}.Release|iPhone.ActiveCfg = Release|Any CPU
		{67F9D3A8-F71E-4428-913F-C37AE82CDB24}.Release|iPhone.Build.0 = Release|Any CPU
		{67F9D3A8-F71E-4428-913F-C37AE82CDB24}.Release|iPhoneSimulator.ActiveCfg = Release|Any CPU
		{67F9D3A8-F71E-4428-913F-C37AE82CDB24}.Release|iPhoneSimulator.Build.0 = Release|Any CPU
		{67F9D3A8-F71E-4428-913F-C37AE82CDB24}.Release|x64.ActiveCfg = Release|Any CPU
		{67F9D3A8-F71E-4428-913F-C37AE82CDB24}.Release|x64.Build.0 = Release|Any CPU
		{67F9D3A8-F71E-4428-913F-C37AE82CDB24}.Release|x86.ActiveCfg = Release|Any CPU
		{67F9D3A8-F71E-4428-913F-C37AE82CDB24}.Release|x86.Build.0 = Release|Any CPU
		{0057354D-D5BB-4BB2-9D3E-1406FE1F7D7F}.Ad-Hoc|Any CPU.ActiveCfg = Release|Any CPU
		{0057354D-D5BB-4BB2-9D3E-1406FE1F7D7F}.Ad-Hoc|Any CPU.Build.0 = Release|Any CPU
		{0057354D-D5BB-4BB2-9D3E-1406FE1F7D7F}.Ad-Hoc|ARM.ActiveCfg = Release|Any CPU
		{0057354D-D5BB-4BB2-9D3E-1406FE1F7D7F}.Ad-Hoc|ARM.Build.0 = Release|Any CPU
		{0057354D-D5BB-4BB2-9D3E-1406FE1F7D7F}.Ad-Hoc|iPhone.ActiveCfg = Release|Any CPU
		{0057354D-D5BB-4BB2-9D3E-1406FE1F7D7F}.Ad-Hoc|iPhone.Build.0 = Release|Any CPU
		{0057354D-D5BB-4BB2-9D3E-1406FE1F7D7F}.Ad-Hoc|iPhoneSimulator.ActiveCfg = Release|Any CPU
		{0057354D-D5BB-4BB2-9D3E-1406FE1F7D7F}.Ad-Hoc|iPhoneSimulator.Build.0 = Release|Any CPU
		{0057354D-D5BB-4BB2-9D3E-1406FE1F7D7F}.Ad-Hoc|x64.ActiveCfg = Release|Any CPU
		{0057354D-D5BB-4BB2-9D3E-1406FE1F7D7F}.Ad-Hoc|x64.Build.0 = Release|Any CPU
		{0057354D-D5BB-4BB2-9D3E-1406FE1F7D7F}.Ad-Hoc|x86.ActiveCfg = Release|Any CPU
		{0057354D-D5BB-4BB2-9D3E-1406FE1F7D7F}.Ad-Hoc|x86.Build.0 = Release|Any CPU
		{0057354D-D5BB-4BB2-9D3E-1406FE1F7D7F}.AppStore|Any CPU.ActiveCfg = Release|Any CPU
		{0057354D-D5BB-4BB2-9D3E-1406FE1F7D7F}.AppStore|Any CPU.Build.0 = Release|Any CPU
		{0057354D-D5BB-4BB2-9D3E-1406FE1F7D7F}.AppStore|ARM.ActiveCfg = Release|Any CPU
		{0057354D-D5BB-4BB2-9D3E-1406FE1F7D7F}.AppStore|ARM.Build.0 = Release|Any CPU
		{0057354D-D5BB-4BB2-9D3E-1406FE1F7D7F}.AppStore|iPhone.ActiveCfg = Release|Any CPU
		{0057354D-D5BB-4BB2-9D3E-1406FE1F7D7F}.AppStore|iPhone.Build.0 = Release|Any CPU
		{0057354D-D5BB-4BB2-9D3E-1406FE1F7D7F}.AppStore|iPhoneSimulator.ActiveCfg = Release|Any CPU
		{0057354D-D5BB-4BB2-9D3E-1406FE1F7D7F}.AppStore|iPhoneSimulator.Build.0 = Release|Any CPU
		{0057354D-D5BB-4BB2-9D3E-1406FE1F7D7F}.AppStore|x64.ActiveCfg = Release|Any CPU
		{0057354D-D5BB-4BB2-9D3E-1406FE1F7D7F}.AppStore|x64.Build.0 = Release|Any CPU
		{0057354D-D5BB-4BB2-9D3E-1406FE1F7D7F}.AppStore|x86.ActiveCfg = Release|Any CPU
		{0057354D-D5BB-4BB2-9D3E-1406FE1F7D7F}.AppStore|x86.Build.0 = Release|Any CPU
		{0057354D-D5BB-4BB2-9D3E-1406FE1F7D7F}.Debug|Any CPU.ActiveCfg = Debug|Any CPU
		{0057354D-D5BB-4BB2-9D3E-1406FE1F7D7F}.Debug|Any CPU.Build.0 = Debug|Any CPU
		{0057354D-D5BB-4BB2-9D3E-1406FE1F7D7F}.Debug|ARM.ActiveCfg = Debug|Any CPU
		{0057354D-D5BB-4BB2-9D3E-1406FE1F7D7F}.Debug|ARM.Build.0 = Debug|Any CPU
		{0057354D-D5BB-4BB2-9D3E-1406FE1F7D7F}.Debug|iPhone.ActiveCfg = Debug|Any CPU
		{0057354D-D5BB-4BB2-9D3E-1406FE1F7D7F}.Debug|iPhone.Build.0 = Debug|Any CPU
		{0057354D-D5BB-4BB2-9D3E-1406FE1F7D7F}.Debug|iPhoneSimulator.ActiveCfg = Debug|Any CPU
		{0057354D-D5BB-4BB2-9D3E-1406FE1F7D7F}.Debug|iPhoneSimulator.Build.0 = Debug|Any CPU
		{0057354D-D5BB-4BB2-9D3E-1406FE1F7D7F}.Debug|x64.ActiveCfg = Debug|Any CPU
		{0057354D-D5BB-4BB2-9D3E-1406FE1F7D7F}.Debug|x64.Build.0 = Debug|Any CPU
		{0057354D-D5BB-4BB2-9D3E-1406FE1F7D7F}.Debug|x86.ActiveCfg = Debug|Any CPU
		{0057354D-D5BB-4BB2-9D3E-1406FE1F7D7F}.Debug|x86.Build.0 = Debug|Any CPU
		{0057354D-D5BB-4BB2-9D3E-1406FE1F7D7F}.Release|Any CPU.ActiveCfg = Release|Any CPU
		{0057354D-D5BB-4BB2-9D3E-1406FE1F7D7F}.Release|Any CPU.Build.0 = Release|Any CPU
		{0057354D-D5BB-4BB2-9D3E-1406FE1F7D7F}.Release|ARM.ActiveCfg = Release|Any CPU
		{0057354D-D5BB-4BB2-9D3E-1406FE1F7D7F}.Release|ARM.Build.0 = Release|Any CPU
		{0057354D-D5BB-4BB2-9D3E-1406FE1F7D7F}.Release|iPhone.ActiveCfg = Release|Any CPU
		{0057354D-D5BB-4BB2-9D3E-1406FE1F7D7F}.Release|iPhone.Build.0 = Release|Any CPU
		{0057354D-D5BB-4BB2-9D3E-1406FE1F7D7F}.Release|iPhoneSimulator.ActiveCfg = Release|Any CPU
		{0057354D-D5BB-4BB2-9D3E-1406FE1F7D7F}.Release|iPhoneSimulator.Build.0 = Release|Any CPU
		{0057354D-D5BB-4BB2-9D3E-1406FE1F7D7F}.Release|x64.ActiveCfg = Release|Any CPU
		{0057354D-D5BB-4BB2-9D3E-1406FE1F7D7F}.Release|x64.Build.0 = Release|Any CPU
		{0057354D-D5BB-4BB2-9D3E-1406FE1F7D7F}.Release|x86.ActiveCfg = Release|Any CPU
		{0057354D-D5BB-4BB2-9D3E-1406FE1F7D7F}.Release|x86.Build.0 = Release|Any CPU
	EndGlobalSection
	GlobalSection(SolutionProperties) = preSolution
		HideSolutionNode = FALSE
	EndGlobalSection
EndGlobal
