
Microsoft Visual Studio Solution File, Format Version 12.00
# Visual Studio 14
VisualStudioVersion = 14.0.25123.0
MinimumVisualStudioVersion = 10.0.40219.1
Project("{FAE04EC0-301F-11D3-BF4B-00C04F79EFBC}") = "MobileKidsIdApp.Droid", "MobileKidsIdApp\MobileKidsIdApp.Droid\MobileKidsIdApp.Droid.csproj", "{70B1480E-C5BA-4660-B5BF-92A434B3F80F}"
EndProject
Project("{FAE04EC0-301F-11D3-BF4B-00C04F79EFBC}") = "MobileKidsIdApp.iOS", "MobileKidsIdApp\MobileKidsIdApp.iOS\MobileKidsIdApp.iOS.csproj", "{25AF259E-B9EB-4708-9A9E-6A12DBEC6ABF}"
EndProject
Project("{FAE04EC0-301F-11D3-BF4B-00C04F79EFBC}") = "MobileKidsIdApp.WinPhone", "MobileKidsIdApp\MobileKidsIdApp.WinPhone\MobileKidsIdApp.WinPhone.csproj", "{136B8A64-1BB3-4A09-8A02-5AA535B3B368}"
EndProject
Project("{FAE04EC0-301F-11D3-BF4B-00C04F79EFBC}") = "MobileKidsIdApp.UWP", "MobileKidsIdApp\MobileKidsIdApp.UWP\MobileKidsIdApp.UWP.csproj", "{09E69250-4634-41F9-A918-13C02A7E4C11}"
EndProject
Project("{FAE04EC0-301F-11D3-BF4B-00C04F79EFBC}") = "MobileKidsIdApp.Windows", "MobileKidsIdApp\MobileKidsIdApp.Windows\MobileKidsIdApp.Windows.csproj", "{2373FB30-F9C5-4058-B67D-89AA42394BE9}"
EndProject
Project("{FAE04EC0-301F-11D3-BF4B-00C04F79EFBC}") = "MobileKidsIdApp", "MobileKidsIdApp\MobileKidsIdApp\MobileKidsIdApp.csproj", "{91A9A1E9-A1E2-47D3-9E2A-7E301CB9EFE1}"
EndProject
Global
	GlobalSection(SolutionConfigurationPlatforms) = preSolution
		Ad-Hoc|Any CPU = Ad-Hoc|Any CPU
		Ad-Hoc|ARM = Ad-Hoc|ARM
		Ad-Hoc|iPhone = Ad-Hoc|iPhone
		Ad-Hoc|iPhoneSimulator = Ad-Hoc|iPhoneSimulator
		Ad-Hoc|x64 = Ad-Hoc|x64
		Ad-Hoc|x86 = Ad-Hoc|x86
		AppStore|Any CPU = AppStore|Any CPU
		AppStore|ARM = AppStore|ARM
		AppStore|iPhone = AppStore|iPhone
		AppStore|iPhoneSimulator = AppStore|iPhoneSimulator
		AppStore|x64 = AppStore|x64
		AppStore|x86 = AppStore|x86
		Debug|Any CPU = Debug|Any CPU
		Debug|ARM = Debug|ARM
		Debug|iPhone = Debug|iPhone
		Debug|iPhoneSimulator = Debug|iPhoneSimulator
		Debug|x64 = Debug|x64
		Debug|x86 = Debug|x86
		Release|Any CPU = Release|Any CPU
		Release|ARM = Release|ARM
		Release|iPhone = Release|iPhone
		Release|iPhoneSimulator = Release|iPhoneSimulator
		Release|x64 = Release|x64
		Release|x86 = Release|x86
	EndGlobalSection
	GlobalSection(ProjectConfigurationPlatforms) = postSolution
		{70B1480E-C5BA-4660-B5BF-92A434B3F80F}.Ad-Hoc|Any CPU.ActiveCfg = Release|Any CPU
		{70B1480E-C5BA-4660-B5BF-92A434B3F80F}.Ad-Hoc|Any CPU.Build.0 = Release|Any CPU
		{70B1480E-C5BA-4660-B5BF-92A434B3F80F}.Ad-Hoc|Any CPU.Deploy.0 = Release|Any CPU
		{70B1480E-C5BA-4660-B5BF-92A434B3F80F}.Ad-Hoc|ARM.ActiveCfg = Release|Any CPU
		{70B1480E-C5BA-4660-B5BF-92A434B3F80F}.Ad-Hoc|ARM.Build.0 = Release|Any CPU
		{70B1480E-C5BA-4660-B5BF-92A434B3F80F}.Ad-Hoc|ARM.Deploy.0 = Release|Any CPU
		{70B1480E-C5BA-4660-B5BF-92A434B3F80F}.Ad-Hoc|iPhone.ActiveCfg = Release|Any CPU
		{70B1480E-C5BA-4660-B5BF-92A434B3F80F}.Ad-Hoc|iPhone.Build.0 = Release|Any CPU
		{70B1480E-C5BA-4660-B5BF-92A434B3F80F}.Ad-Hoc|iPhone.Deploy.0 = Release|Any CPU
		{70B1480E-C5BA-4660-B5BF-92A434B3F80F}.Ad-Hoc|iPhoneSimulator.ActiveCfg = Release|Any CPU
		{70B1480E-C5BA-4660-B5BF-92A434B3F80F}.Ad-Hoc|iPhoneSimulator.Build.0 = Release|Any CPU
		{70B1480E-C5BA-4660-B5BF-92A434B3F80F}.Ad-Hoc|iPhoneSimulator.Deploy.0 = Release|Any CPU
		{70B1480E-C5BA-4660-B5BF-92A434B3F80F}.Ad-Hoc|x64.ActiveCfg = Release|Any CPU
		{70B1480E-C5BA-4660-B5BF-92A434B3F80F}.Ad-Hoc|x64.Build.0 = Release|Any CPU
		{70B1480E-C5BA-4660-B5BF-92A434B3F80F}.Ad-Hoc|x64.Deploy.0 = Release|Any CPU
		{70B1480E-C5BA-4660-B5BF-92A434B3F80F}.Ad-Hoc|x86.ActiveCfg = Release|Any CPU
		{70B1480E-C5BA-4660-B5BF-92A434B3F80F}.Ad-Hoc|x86.Build.0 = Release|Any CPU
		{70B1480E-C5BA-4660-B5BF-92A434B3F80F}.Ad-Hoc|x86.Deploy.0 = Release|Any CPU
		{70B1480E-C5BA-4660-B5BF-92A434B3F80F}.AppStore|Any CPU.ActiveCfg = Release|Any CPU
		{70B1480E-C5BA-4660-B5BF-92A434B3F80F}.AppStore|Any CPU.Build.0 = Release|Any CPU
		{70B1480E-C5BA-4660-B5BF-92A434B3F80F}.AppStore|Any CPU.Deploy.0 = Release|Any CPU
		{70B1480E-C5BA-4660-B5BF-92A434B3F80F}.AppStore|ARM.ActiveCfg = Release|Any CPU
		{70B1480E-C5BA-4660-B5BF-92A434B3F80F}.AppStore|ARM.Build.0 = Release|Any CPU
		{70B1480E-C5BA-4660-B5BF-92A434B3F80F}.AppStore|ARM.Deploy.0 = Release|Any CPU
		{70B1480E-C5BA-4660-B5BF-92A434B3F80F}.AppStore|iPhone.ActiveCfg = Release|Any CPU
		{70B1480E-C5BA-4660-B5BF-92A434B3F80F}.AppStore|iPhone.Build.0 = Release|Any CPU
		{70B1480E-C5BA-4660-B5BF-92A434B3F80F}.AppStore|iPhone.Deploy.0 = Release|Any CPU
		{70B1480E-C5BA-4660-B5BF-92A434B3F80F}.AppStore|iPhoneSimulator.ActiveCfg = Release|Any CPU
		{70B1480E-C5BA-4660-B5BF-92A434B3F80F}.AppStore|iPhoneSimulator.Build.0 = Release|Any CPU
		{70B1480E-C5BA-4660-B5BF-92A434B3F80F}.AppStore|iPhoneSimulator.Deploy.0 = Release|Any CPU
		{70B1480E-C5BA-4660-B5BF-92A434B3F80F}.AppStore|x64.ActiveCfg = Release|Any CPU
		{70B1480E-C5BA-4660-B5BF-92A434B3F80F}.AppStore|x64.Build.0 = Release|Any CPU
		{70B1480E-C5BA-4660-B5BF-92A434B3F80F}.AppStore|x64.Deploy.0 = Release|Any CPU
		{70B1480E-C5BA-4660-B5BF-92A434B3F80F}.AppStore|x86.ActiveCfg = Release|Any CPU
		{70B1480E-C5BA-4660-B5BF-92A434B3F80F}.AppStore|x86.Build.0 = Release|Any CPU
		{70B1480E-C5BA-4660-B5BF-92A434B3F80F}.AppStore|x86.Deploy.0 = Release|Any CPU
		{70B1480E-C5BA-4660-B5BF-92A434B3F80F}.Debug|Any CPU.ActiveCfg = Debug|Any CPU
		{70B1480E-C5BA-4660-B5BF-92A434B3F80F}.Debug|Any CPU.Build.0 = Debug|Any CPU
		{70B1480E-C5BA-4660-B5BF-92A434B3F80F}.Debug|Any CPU.Deploy.0 = Debug|Any CPU
		{70B1480E-C5BA-4660-B5BF-92A434B3F80F}.Debug|ARM.ActiveCfg = Debug|Any CPU
		{70B1480E-C5BA-4660-B5BF-92A434B3F80F}.Debug|ARM.Build.0 = Debug|Any CPU
		{70B1480E-C5BA-4660-B5BF-92A434B3F80F}.Debug|ARM.Deploy.0 = Debug|Any CPU
		{70B1480E-C5BA-4660-B5BF-92A434B3F80F}.Debug|iPhone.ActiveCfg = Debug|Any CPU
		{70B1480E-C5BA-4660-B5BF-92A434B3F80F}.Debug|iPhone.Build.0 = Debug|Any CPU
		{70B1480E-C5BA-4660-B5BF-92A434B3F80F}.Debug|iPhone.Deploy.0 = Debug|Any CPU
		{70B1480E-C5BA-4660-B5BF-92A434B3F80F}.Debug|iPhoneSimulator.ActiveCfg = Debug|Any CPU
		{70B1480E-C5BA-4660-B5BF-92A434B3F80F}.Debug|iPhoneSimulator.Build.0 = Debug|Any CPU
		{70B1480E-C5BA-4660-B5BF-92A434B3F80F}.Debug|iPhoneSimulator.Deploy.0 = Debug|Any CPU
		{70B1480E-C5BA-4660-B5BF-92A434B3F80F}.Debug|x64.ActiveCfg = Debug|Any CPU
		{70B1480E-C5BA-4660-B5BF-92A434B3F80F}.Debug|x64.Build.0 = Debug|Any CPU
		{70B1480E-C5BA-4660-B5BF-92A434B3F80F}.Debug|x64.Deploy.0 = Debug|Any CPU
		{70B1480E-C5BA-4660-B5BF-92A434B3F80F}.Debug|x86.ActiveCfg = Debug|Any CPU
		{70B1480E-C5BA-4660-B5BF-92A434B3F80F}.Debug|x86.Build.0 = Debug|Any CPU
		{70B1480E-C5BA-4660-B5BF-92A434B3F80F}.Debug|x86.Deploy.0 = Debug|Any CPU
		{70B1480E-C5BA-4660-B5BF-92A434B3F80F}.Release|Any CPU.ActiveCfg = Release|Any CPU
		{70B1480E-C5BA-4660-B5BF-92A434B3F80F}.Release|Any CPU.Build.0 = Release|Any CPU
		{70B1480E-C5BA-4660-B5BF-92A434B3F80F}.Release|Any CPU.Deploy.0 = Release|Any CPU
		{70B1480E-C5BA-4660-B5BF-92A434B3F80F}.Release|ARM.ActiveCfg = Release|Any CPU
		{70B1480E-C5BA-4660-B5BF-92A434B3F80F}.Release|ARM.Build.0 = Release|Any CPU
		{70B1480E-C5BA-4660-B5BF-92A434B3F80F}.Release|ARM.Deploy.0 = Release|Any CPU
		{70B1480E-C5BA-4660-B5BF-92A434B3F80F}.Release|iPhone.ActiveCfg = Release|Any CPU
		{70B1480E-C5BA-4660-B5BF-92A434B3F80F}.Release|iPhone.Build.0 = Release|Any CPU
		{70B1480E-C5BA-4660-B5BF-92A434B3F80F}.Release|iPhone.Deploy.0 = Release|Any CPU
		{70B1480E-C5BA-4660-B5BF-92A434B3F80F}.Release|iPhoneSimulator.ActiveCfg = Release|Any CPU
		{70B1480E-C5BA-4660-B5BF-92A434B3F80F}.Release|iPhoneSimulator.Build.0 = Release|Any CPU
		{70B1480E-C5BA-4660-B5BF-92A434B3F80F}.Release|iPhoneSimulator.Deploy.0 = Release|Any CPU
		{70B1480E-C5BA-4660-B5BF-92A434B3F80F}.Release|x64.ActiveCfg = Release|Any CPU
		{70B1480E-C5BA-4660-B5BF-92A434B3F80F}.Release|x64.Build.0 = Release|Any CPU
		{70B1480E-C5BA-4660-B5BF-92A434B3F80F}.Release|x64.Deploy.0 = Release|Any CPU
		{70B1480E-C5BA-4660-B5BF-92A434B3F80F}.Release|x86.ActiveCfg = Release|Any CPU
		{70B1480E-C5BA-4660-B5BF-92A434B3F80F}.Release|x86.Build.0 = Release|Any CPU
		{70B1480E-C5BA-4660-B5BF-92A434B3F80F}.Release|x86.Deploy.0 = Release|Any CPU
		{25AF259E-B9EB-4708-9A9E-6A12DBEC6ABF}.Ad-Hoc|Any CPU.ActiveCfg = Ad-Hoc|iPhone
		{25AF259E-B9EB-4708-9A9E-6A12DBEC6ABF}.Ad-Hoc|ARM.ActiveCfg = Ad-Hoc|iPhone
		{25AF259E-B9EB-4708-9A9E-6A12DBEC6ABF}.Ad-Hoc|iPhone.ActiveCfg = Ad-Hoc|iPhone
		{25AF259E-B9EB-4708-9A9E-6A12DBEC6ABF}.Ad-Hoc|iPhone.Build.0 = Ad-Hoc|iPhone
		{25AF259E-B9EB-4708-9A9E-6A12DBEC6ABF}.Ad-Hoc|iPhoneSimulator.ActiveCfg = Ad-Hoc|iPhoneSimulator
		{25AF259E-B9EB-4708-9A9E-6A12DBEC6ABF}.Ad-Hoc|iPhoneSimulator.Build.0 = Ad-Hoc|iPhoneSimulator
		{25AF259E-B9EB-4708-9A9E-6A12DBEC6ABF}.Ad-Hoc|x64.ActiveCfg = Ad-Hoc|iPhone
		{25AF259E-B9EB-4708-9A9E-6A12DBEC6ABF}.Ad-Hoc|x86.ActiveCfg = Ad-Hoc|iPhone
		{25AF259E-B9EB-4708-9A9E-6A12DBEC6ABF}.AppStore|Any CPU.ActiveCfg = AppStore|iPhone
		{25AF259E-B9EB-4708-9A9E-6A12DBEC6ABF}.AppStore|ARM.ActiveCfg = AppStore|iPhone
		{25AF259E-B9EB-4708-9A9E-6A12DBEC6ABF}.AppStore|iPhone.ActiveCfg = AppStore|iPhone
		{25AF259E-B9EB-4708-9A9E-6A12DBEC6ABF}.AppStore|iPhone.Build.0 = AppStore|iPhone
		{25AF259E-B9EB-4708-9A9E-6A12DBEC6ABF}.AppStore|iPhoneSimulator.ActiveCfg = AppStore|iPhoneSimulator
		{25AF259E-B9EB-4708-9A9E-6A12DBEC6ABF}.AppStore|iPhoneSimulator.Build.0 = AppStore|iPhoneSimulator
		{25AF259E-B9EB-4708-9A9E-6A12DBEC6ABF}.AppStore|x64.ActiveCfg = AppStore|iPhone
		{25AF259E-B9EB-4708-9A9E-6A12DBEC6ABF}.AppStore|x86.ActiveCfg = AppStore|iPhone
		{25AF259E-B9EB-4708-9A9E-6A12DBEC6ABF}.Debug|Any CPU.ActiveCfg = Debug|iPhone
		{25AF259E-B9EB-4708-9A9E-6A12DBEC6ABF}.Debug|ARM.ActiveCfg = Debug|iPhone
		{25AF259E-B9EB-4708-9A9E-6A12DBEC6ABF}.Debug|iPhone.ActiveCfg = Debug|iPhone
		{25AF259E-B9EB-4708-9A9E-6A12DBEC6ABF}.Debug|iPhone.Build.0 = Debug|iPhone
		{25AF259E-B9EB-4708-9A9E-6A12DBEC6ABF}.Debug|iPhoneSimulator.ActiveCfg = Debug|iPhoneSimulator
		{25AF259E-B9EB-4708-9A9E-6A12DBEC6ABF}.Debug|iPhoneSimulator.Build.0 = Debug|iPhoneSimulator
		{25AF259E-B9EB-4708-9A9E-6A12DBEC6ABF}.Debug|x64.ActiveCfg = Debug|iPhone
		{25AF259E-B9EB-4708-9A9E-6A12DBEC6ABF}.Debug|x86.ActiveCfg = Debug|iPhone
		{25AF259E-B9EB-4708-9A9E-6A12DBEC6ABF}.Release|Any CPU.ActiveCfg = Release|iPhone
		{25AF259E-B9EB-4708-9A9E-6A12DBEC6ABF}.Release|ARM.ActiveCfg = Release|iPhone
		{25AF259E-B9EB-4708-9A9E-6A12DBEC6ABF}.Release|iPhone.ActiveCfg = Release|iPhone
		{25AF259E-B9EB-4708-9A9E-6A12DBEC6ABF}.Release|iPhone.Build.0 = Release|iPhone
		{25AF259E-B9EB-4708-9A9E-6A12DBEC6ABF}.Release|iPhoneSimulator.ActiveCfg = Release|iPhoneSimulator
		{25AF259E-B9EB-4708-9A9E-6A12DBEC6ABF}.Release|iPhoneSimulator.Build.0 = Release|iPhoneSimulator
		{25AF259E-B9EB-4708-9A9E-6A12DBEC6ABF}.Release|x64.ActiveCfg = Release|iPhone
		{25AF259E-B9EB-4708-9A9E-6A12DBEC6ABF}.Release|x86.ActiveCfg = Release|iPhone
		{136B8A64-1BB3-4A09-8A02-5AA535B3B368}.Ad-Hoc|Any CPU.ActiveCfg = Release|Any CPU
		{136B8A64-1BB3-4A09-8A02-5AA535B3B368}.Ad-Hoc|Any CPU.Build.0 = Release|Any CPU
		{136B8A64-1BB3-4A09-8A02-5AA535B3B368}.Ad-Hoc|Any CPU.Deploy.0 = Release|Any CPU
		{136B8A64-1BB3-4A09-8A02-5AA535B3B368}.Ad-Hoc|ARM.ActiveCfg = Release|ARM
		{136B8A64-1BB3-4A09-8A02-5AA535B3B368}.Ad-Hoc|ARM.Build.0 = Release|ARM
		{136B8A64-1BB3-4A09-8A02-5AA535B3B368}.Ad-Hoc|ARM.Deploy.0 = Release|ARM
		{136B8A64-1BB3-4A09-8A02-5AA535B3B368}.Ad-Hoc|iPhone.ActiveCfg = Release|Any CPU
		{136B8A64-1BB3-4A09-8A02-5AA535B3B368}.Ad-Hoc|iPhone.Build.0 = Release|Any CPU
		{136B8A64-1BB3-4A09-8A02-5AA535B3B368}.Ad-Hoc|iPhone.Deploy.0 = Release|Any CPU
		{136B8A64-1BB3-4A09-8A02-5AA535B3B368}.Ad-Hoc|iPhoneSimulator.ActiveCfg = Release|Any CPU
		{136B8A64-1BB3-4A09-8A02-5AA535B3B368}.Ad-Hoc|iPhoneSimulator.Build.0 = Release|Any CPU
		{136B8A64-1BB3-4A09-8A02-5AA535B3B368}.Ad-Hoc|iPhoneSimulator.Deploy.0 = Release|Any CPU
		{136B8A64-1BB3-4A09-8A02-5AA535B3B368}.Ad-Hoc|x64.ActiveCfg = Release|Any CPU
		{136B8A64-1BB3-4A09-8A02-5AA535B3B368}.Ad-Hoc|x64.Build.0 = Release|Any CPU
		{136B8A64-1BB3-4A09-8A02-5AA535B3B368}.Ad-Hoc|x64.Deploy.0 = Release|Any CPU
		{136B8A64-1BB3-4A09-8A02-5AA535B3B368}.Ad-Hoc|x86.ActiveCfg = Release|x86
		{136B8A64-1BB3-4A09-8A02-5AA535B3B368}.Ad-Hoc|x86.Build.0 = Release|x86
		{136B8A64-1BB3-4A09-8A02-5AA535B3B368}.Ad-Hoc|x86.Deploy.0 = Release|x86
		{136B8A64-1BB3-4A09-8A02-5AA535B3B368}.AppStore|Any CPU.ActiveCfg = Release|Any CPU
		{136B8A64-1BB3-4A09-8A02-5AA535B3B368}.AppStore|Any CPU.Build.0 = Release|Any CPU
		{136B8A64-1BB3-4A09-8A02-5AA535B3B368}.AppStore|Any CPU.Deploy.0 = Release|Any CPU
		{136B8A64-1BB3-4A09-8A02-5AA535B3B368}.AppStore|ARM.ActiveCfg = Release|ARM
		{136B8A64-1BB3-4A09-8A02-5AA535B3B368}.AppStore|ARM.Build.0 = Release|ARM
		{136B8A64-1BB3-4A09-8A02-5AA535B3B368}.AppStore|ARM.Deploy.0 = Release|ARM
		{136B8A64-1BB3-4A09-8A02-5AA535B3B368}.AppStore|iPhone.ActiveCfg = Release|Any CPU
		{136B8A64-1BB3-4A09-8A02-5AA535B3B368}.AppStore|iPhone.Build.0 = Release|Any CPU
		{136B8A64-1BB3-4A09-8A02-5AA535B3B368}.AppStore|iPhone.Deploy.0 = Release|Any CPU
		{136B8A64-1BB3-4A09-8A02-5AA535B3B368}.AppStore|iPhoneSimulator.ActiveCfg = Release|Any CPU
		{136B8A64-1BB3-4A09-8A02-5AA535B3B368}.AppStore|iPhoneSimulator.Build.0 = Release|Any CPU
		{136B8A64-1BB3-4A09-8A02-5AA535B3B368}.AppStore|iPhoneSimulator.Deploy.0 = Release|Any CPU
		{136B8A64-1BB3-4A09-8A02-5AA535B3B368}.AppStore|x64.ActiveCfg = Release|Any CPU
		{136B8A64-1BB3-4A09-8A02-5AA535B3B368}.AppStore|x64.Build.0 = Release|Any CPU
		{136B8A64-1BB3-4A09-8A02-5AA535B3B368}.AppStore|x64.Deploy.0 = Release|Any CPU
		{136B8A64-1BB3-4A09-8A02-5AA535B3B368}.AppStore|x86.ActiveCfg = Release|x86
		{136B8A64-1BB3-4A09-8A02-5AA535B3B368}.AppStore|x86.Build.0 = Release|x86
		{136B8A64-1BB3-4A09-8A02-5AA535B3B368}.AppStore|x86.Deploy.0 = Release|x86
		{136B8A64-1BB3-4A09-8A02-5AA535B3B368}.Debug|Any CPU.ActiveCfg = Debug|Any CPU
		{136B8A64-1BB3-4A09-8A02-5AA535B3B368}.Debug|Any CPU.Build.0 = Debug|Any CPU
		{136B8A64-1BB3-4A09-8A02-5AA535B3B368}.Debug|Any CPU.Deploy.0 = Debug|Any CPU
		{136B8A64-1BB3-4A09-8A02-5AA535B3B368}.Debug|ARM.ActiveCfg = Debug|ARM
		{136B8A64-1BB3-4A09-8A02-5AA535B3B368}.Debug|ARM.Build.0 = Debug|ARM
		{136B8A64-1BB3-4A09-8A02-5AA535B3B368}.Debug|ARM.Deploy.0 = Debug|ARM
		{136B8A64-1BB3-4A09-8A02-5AA535B3B368}.Debug|iPhone.ActiveCfg = Debug|Any CPU
		{136B8A64-1BB3-4A09-8A02-5AA535B3B368}.Debug|iPhone.Build.0 = Debug|Any CPU
		{136B8A64-1BB3-4A09-8A02-5AA535B3B368}.Debug|iPhone.Deploy.0 = Debug|Any CPU
		{136B8A64-1BB3-4A09-8A02-5AA535B3B368}.Debug|iPhoneSimulator.ActiveCfg = Debug|Any CPU
		{136B8A64-1BB3-4A09-8A02-5AA535B3B368}.Debug|iPhoneSimulator.Build.0 = Debug|Any CPU
		{136B8A64-1BB3-4A09-8A02-5AA535B3B368}.Debug|iPhoneSimulator.Deploy.0 = Debug|Any CPU
		{136B8A64-1BB3-4A09-8A02-5AA535B3B368}.Debug|x64.ActiveCfg = Debug|Any CPU
		{136B8A64-1BB3-4A09-8A02-5AA535B3B368}.Debug|x64.Build.0 = Debug|Any CPU
		{136B8A64-1BB3-4A09-8A02-5AA535B3B368}.Debug|x64.Deploy.0 = Debug|Any CPU
		{136B8A64-1BB3-4A09-8A02-5AA535B3B368}.Debug|x86.ActiveCfg = Debug|x86
		{136B8A64-1BB3-4A09-8A02-5AA535B3B368}.Debug|x86.Build.0 = Debug|x86
		{136B8A64-1BB3-4A09-8A02-5AA535B3B368}.Debug|x86.Deploy.0 = Debug|x86
		{136B8A64-1BB3-4A09-8A02-5AA535B3B368}.Release|Any CPU.ActiveCfg = Release|Any CPU
		{136B8A64-1BB3-4A09-8A02-5AA535B3B368}.Release|Any CPU.Build.0 = Release|Any CPU
		{136B8A64-1BB3-4A09-8A02-5AA535B3B368}.Release|Any CPU.Deploy.0 = Release|Any CPU
		{136B8A64-1BB3-4A09-8A02-5AA535B3B368}.Release|ARM.ActiveCfg = Release|ARM
		{136B8A64-1BB3-4A09-8A02-5AA535B3B368}.Release|ARM.Build.0 = Release|ARM
		{136B8A64-1BB3-4A09-8A02-5AA535B3B368}.Release|ARM.Deploy.0 = Release|ARM
		{136B8A64-1BB3-4A09-8A02-5AA535B3B368}.Release|iPhone.ActiveCfg = Release|Any CPU
		{136B8A64-1BB3-4A09-8A02-5AA535B3B368}.Release|iPhone.Build.0 = Release|Any CPU
		{136B8A64-1BB3-4A09-8A02-5AA535B3B368}.Release|iPhone.Deploy.0 = Release|Any CPU
		{136B8A64-1BB3-4A09-8A02-5AA535B3B368}.Release|iPhoneSimulator.ActiveCfg = Release|Any CPU
		{136B8A64-1BB3-4A09-8A02-5AA535B3B368}.Release|iPhoneSimulator.Build.0 = Release|Any CPU
		{136B8A64-1BB3-4A09-8A02-5AA535B3B368}.Release|iPhoneSimulator.Deploy.0 = Release|Any CPU
		{136B8A64-1BB3-4A09-8A02-5AA535B3B368}.Release|x64.ActiveCfg = Release|Any CPU
		{136B8A64-1BB3-4A09-8A02-5AA535B3B368}.Release|x64.Build.0 = Release|Any CPU
		{136B8A64-1BB3-4A09-8A02-5AA535B3B368}.Release|x64.Deploy.0 = Release|Any CPU
		{136B8A64-1BB3-4A09-8A02-5AA535B3B368}.Release|x86.ActiveCfg = Release|x86
		{136B8A64-1BB3-4A09-8A02-5AA535B3B368}.Release|x86.Build.0 = Release|x86
		{136B8A64-1BB3-4A09-8A02-5AA535B3B368}.Release|x86.Deploy.0 = Release|x86
		{09E69250-4634-41F9-A918-13C02A7E4C11}.Ad-Hoc|Any CPU.ActiveCfg = Release|x86
		{09E69250-4634-41F9-A918-13C02A7E4C11}.Ad-Hoc|Any CPU.Build.0 = Release|x86
		{09E69250-4634-41F9-A918-13C02A7E4C11}.Ad-Hoc|Any CPU.Deploy.0 = Release|x86
		{09E69250-4634-41F9-A918-13C02A7E4C11}.Ad-Hoc|ARM.ActiveCfg = Release|ARM
		{09E69250-4634-41F9-A918-13C02A7E4C11}.Ad-Hoc|ARM.Build.0 = Release|ARM
		{09E69250-4634-41F9-A918-13C02A7E4C11}.Ad-Hoc|ARM.Deploy.0 = Release|ARM
		{09E69250-4634-41F9-A918-13C02A7E4C11}.Ad-Hoc|iPhone.ActiveCfg = Release|x86
		{09E69250-4634-41F9-A918-13C02A7E4C11}.Ad-Hoc|iPhone.Build.0 = Release|x86
		{09E69250-4634-41F9-A918-13C02A7E4C11}.Ad-Hoc|iPhone.Deploy.0 = Release|x86
		{09E69250-4634-41F9-A918-13C02A7E4C11}.Ad-Hoc|iPhoneSimulator.ActiveCfg = Release|x86
		{09E69250-4634-41F9-A918-13C02A7E4C11}.Ad-Hoc|iPhoneSimulator.Build.0 = Release|x86
		{09E69250-4634-41F9-A918-13C02A7E4C11}.Ad-Hoc|iPhoneSimulator.Deploy.0 = Release|x86
		{09E69250-4634-41F9-A918-13C02A7E4C11}.Ad-Hoc|x64.ActiveCfg = Release|x64
		{09E69250-4634-41F9-A918-13C02A7E4C11}.Ad-Hoc|x64.Build.0 = Release|x64
		{09E69250-4634-41F9-A918-13C02A7E4C11}.Ad-Hoc|x64.Deploy.0 = Release|x64
		{09E69250-4634-41F9-A918-13C02A7E4C11}.Ad-Hoc|x86.ActiveCfg = Release|x86
		{09E69250-4634-41F9-A918-13C02A7E4C11}.Ad-Hoc|x86.Build.0 = Release|x86
		{09E69250-4634-41F9-A918-13C02A7E4C11}.Ad-Hoc|x86.Deploy.0 = Release|x86
		{09E69250-4634-41F9-A918-13C02A7E4C11}.AppStore|Any CPU.ActiveCfg = Release|x86
		{09E69250-4634-41F9-A918-13C02A7E4C11}.AppStore|Any CPU.Build.0 = Release|x86
		{09E69250-4634-41F9-A918-13C02A7E4C11}.AppStore|Any CPU.Deploy.0 = Release|x86
		{09E69250-4634-41F9-A918-13C02A7E4C11}.AppStore|ARM.ActiveCfg = Release|ARM
		{09E69250-4634-41F9-A918-13C02A7E4C11}.AppStore|ARM.Build.0 = Release|ARM
		{09E69250-4634-41F9-A918-13C02A7E4C11}.AppStore|ARM.Deploy.0 = Release|ARM
		{09E69250-4634-41F9-A918-13C02A7E4C11}.AppStore|iPhone.ActiveCfg = Release|x86
		{09E69250-4634-41F9-A918-13C02A7E4C11}.AppStore|iPhone.Build.0 = Release|x86
		{09E69250-4634-41F9-A918-13C02A7E4C11}.AppStore|iPhone.Deploy.0 = Release|x86
		{09E69250-4634-41F9-A918-13C02A7E4C11}.AppStore|iPhoneSimulator.ActiveCfg = Release|x86
		{09E69250-4634-41F9-A918-13C02A7E4C11}.AppStore|iPhoneSimulator.Build.0 = Release|x86
		{09E69250-4634-41F9-A918-13C02A7E4C11}.AppStore|iPhoneSimulator.Deploy.0 = Release|x86
		{09E69250-4634-41F9-A918-13C02A7E4C11}.AppStore|x64.ActiveCfg = Release|x64
		{09E69250-4634-41F9-A918-13C02A7E4C11}.AppStore|x64.Build.0 = Release|x64
		{09E69250-4634-41F9-A918-13C02A7E4C11}.AppStore|x64.Deploy.0 = Release|x64
		{09E69250-4634-41F9-A918-13C02A7E4C11}.AppStore|x86.ActiveCfg = Release|x86
		{09E69250-4634-41F9-A918-13C02A7E4C11}.AppStore|x86.Build.0 = Release|x86
		{09E69250-4634-41F9-A918-13C02A7E4C11}.AppStore|x86.Deploy.0 = Release|x86
		{09E69250-4634-41F9-A918-13C02A7E4C11}.Debug|Any CPU.ActiveCfg = Debug|x86
		{09E69250-4634-41F9-A918-13C02A7E4C11}.Debug|Any CPU.Build.0 = Debug|x86
		{09E69250-4634-41F9-A918-13C02A7E4C11}.Debug|Any CPU.Deploy.0 = Debug|x86
		{09E69250-4634-41F9-A918-13C02A7E4C11}.Debug|ARM.ActiveCfg = Debug|ARM
		{09E69250-4634-41F9-A918-13C02A7E4C11}.Debug|ARM.Build.0 = Debug|ARM
		{09E69250-4634-41F9-A918-13C02A7E4C11}.Debug|ARM.Deploy.0 = Debug|ARM
		{09E69250-4634-41F9-A918-13C02A7E4C11}.Debug|iPhone.ActiveCfg = Debug|x86
		{09E69250-4634-41F9-A918-13C02A7E4C11}.Debug|iPhoneSimulator.ActiveCfg = Debug|x86
		{09E69250-4634-41F9-A918-13C02A7E4C11}.Debug|x64.ActiveCfg = Debug|x64
		{09E69250-4634-41F9-A918-13C02A7E4C11}.Debug|x64.Build.0 = Debug|x64
		{09E69250-4634-41F9-A918-13C02A7E4C11}.Debug|x64.Deploy.0 = Debug|x64
		{09E69250-4634-41F9-A918-13C02A7E4C11}.Debug|x86.ActiveCfg = Debug|x86
		{09E69250-4634-41F9-A918-13C02A7E4C11}.Debug|x86.Build.0 = Debug|x86
		{09E69250-4634-41F9-A918-13C02A7E4C11}.Debug|x86.Deploy.0 = Debug|x86
		{09E69250-4634-41F9-A918-13C02A7E4C11}.Release|Any CPU.ActiveCfg = Release|x86
		{09E69250-4634-41F9-A918-13C02A7E4C11}.Release|ARM.ActiveCfg = Release|ARM
		{09E69250-4634-41F9-A918-13C02A7E4C11}.Release|ARM.Build.0 = Release|ARM
		{09E69250-4634-41F9-A918-13C02A7E4C11}.Release|ARM.Deploy.0 = Release|ARM
		{09E69250-4634-41F9-A918-13C02A7E4C11}.Release|iPhone.ActiveCfg = Release|x86
		{09E69250-4634-41F9-A918-13C02A7E4C11}.Release|iPhoneSimulator.ActiveCfg = Release|x86
		{09E69250-4634-41F9-A918-13C02A7E4C11}.Release|x64.ActiveCfg = Release|x64
		{09E69250-4634-41F9-A918-13C02A7E4C11}.Release|x64.Build.0 = Release|x64
		{09E69250-4634-41F9-A918-13C02A7E4C11}.Release|x64.Deploy.0 = Release|x64
		{09E69250-4634-41F9-A918-13C02A7E4C11}.Release|x86.ActiveCfg = Release|x86
		{09E69250-4634-41F9-A918-13C02A7E4C11}.Release|x86.Build.0 = Release|x86
		{09E69250-4634-41F9-A918-13C02A7E4C11}.Release|x86.Deploy.0 = Release|x86
		{2373FB30-F9C5-4058-B67D-89AA42394BE9}.Ad-Hoc|Any CPU.ActiveCfg = Release|Any CPU
		{2373FB30-F9C5-4058-B67D-89AA42394BE9}.Ad-Hoc|Any CPU.Build.0 = Release|Any CPU
		{2373FB30-F9C5-4058-B67D-89AA42394BE9}.Ad-Hoc|Any CPU.Deploy.0 = Release|Any CPU
		{2373FB30-F9C5-4058-B67D-89AA42394BE9}.Ad-Hoc|ARM.ActiveCfg = Release|ARM
		{2373FB30-F9C5-4058-B67D-89AA42394BE9}.Ad-Hoc|ARM.Build.0 = Release|ARM
		{2373FB30-F9C5-4058-B67D-89AA42394BE9}.Ad-Hoc|ARM.Deploy.0 = Release|ARM
		{2373FB30-F9C5-4058-B67D-89AA42394BE9}.Ad-Hoc|iPhone.ActiveCfg = Release|Any CPU
		{2373FB30-F9C5-4058-B67D-89AA42394BE9}.Ad-Hoc|iPhone.Build.0 = Release|Any CPU
		{2373FB30-F9C5-4058-B67D-89AA42394BE9}.Ad-Hoc|iPhone.Deploy.0 = Release|Any CPU
		{2373FB30-F9C5-4058-B67D-89AA42394BE9}.Ad-Hoc|iPhoneSimulator.ActiveCfg = Release|Any CPU
		{2373FB30-F9C5-4058-B67D-89AA42394BE9}.Ad-Hoc|iPhoneSimulator.Build.0 = Release|Any CPU
		{2373FB30-F9C5-4058-B67D-89AA42394BE9}.Ad-Hoc|iPhoneSimulator.Deploy.0 = Release|Any CPU
		{2373FB30-F9C5-4058-B67D-89AA42394BE9}.Ad-Hoc|x64.ActiveCfg = Release|x64
		{2373FB30-F9C5-4058-B67D-89AA42394BE9}.Ad-Hoc|x64.Build.0 = Release|x64
		{2373FB30-F9C5-4058-B67D-89AA42394BE9}.Ad-Hoc|x64.Deploy.0 = Release|x64
		{2373FB30-F9C5-4058-B67D-89AA42394BE9}.Ad-Hoc|x86.ActiveCfg = Release|x86
		{2373FB30-F9C5-4058-B67D-89AA42394BE9}.Ad-Hoc|x86.Build.0 = Release|x86
		{2373FB30-F9C5-4058-B67D-89AA42394BE9}.Ad-Hoc|x86.Deploy.0 = Release|x86
		{2373FB30-F9C5-4058-B67D-89AA42394BE9}.AppStore|Any CPU.ActiveCfg = Release|Any CPU
		{2373FB30-F9C5-4058-B67D-89AA42394BE9}.AppStore|Any CPU.Build.0 = Release|Any CPU
		{2373FB30-F9C5-4058-B67D-89AA42394BE9}.AppStore|Any CPU.Deploy.0 = Release|Any CPU
		{2373FB30-F9C5-4058-B67D-89AA42394BE9}.AppStore|ARM.ActiveCfg = Release|ARM
		{2373FB30-F9C5-4058-B67D-89AA42394BE9}.AppStore|ARM.Build.0 = Release|ARM
		{2373FB30-F9C5-4058-B67D-89AA42394BE9}.AppStore|ARM.Deploy.0 = Release|ARM
		{2373FB30-F9C5-4058-B67D-89AA42394BE9}.AppStore|iPhone.ActiveCfg = Release|Any CPU
		{2373FB30-F9C5-4058-B67D-89AA42394BE9}.AppStore|iPhone.Build.0 = Release|Any CPU
		{2373FB30-F9C5-4058-B67D-89AA42394BE9}.AppStore|iPhone.Deploy.0 = Release|Any CPU
		{2373FB30-F9C5-4058-B67D-89AA42394BE9}.AppStore|iPhoneSimulator.ActiveCfg = Release|Any CPU
		{2373FB30-F9C5-4058-B67D-89AA42394BE9}.AppStore|iPhoneSimulator.Build.0 = Release|Any CPU
		{2373FB30-F9C5-4058-B67D-89AA42394BE9}.AppStore|iPhoneSimulator.Deploy.0 = Release|Any CPU
		{2373FB30-F9C5-4058-B67D-89AA42394BE9}.AppStore|x64.ActiveCfg = Release|x64
		{2373FB30-F9C5-4058-B67D-89AA42394BE9}.AppStore|x64.Build.0 = Release|x64
		{2373FB30-F9C5-4058-B67D-89AA42394BE9}.AppStore|x64.Deploy.0 = Release|x64
		{2373FB30-F9C5-4058-B67D-89AA42394BE9}.AppStore|x86.ActiveCfg = Release|x86
		{2373FB30-F9C5-4058-B67D-89AA42394BE9}.AppStore|x86.Build.0 = Release|x86
		{2373FB30-F9C5-4058-B67D-89AA42394BE9}.AppStore|x86.Deploy.0 = Release|x86
		{2373FB30-F9C5-4058-B67D-89AA42394BE9}.Debug|Any CPU.ActiveCfg = Debug|Any CPU
		{2373FB30-F9C5-4058-B67D-89AA42394BE9}.Debug|Any CPU.Build.0 = Debug|Any CPU
		{2373FB30-F9C5-4058-B67D-89AA42394BE9}.Debug|Any CPU.Deploy.0 = Debug|Any CPU
		{2373FB30-F9C5-4058-B67D-89AA42394BE9}.Debug|ARM.ActiveCfg = Debug|ARM
		{2373FB30-F9C5-4058-B67D-89AA42394BE9}.Debug|ARM.Build.0 = Debug|ARM
		{2373FB30-F9C5-4058-B67D-89AA42394BE9}.Debug|ARM.Deploy.0 = Debug|ARM
		{2373FB30-F9C5-4058-B67D-89AA42394BE9}.Debug|iPhone.ActiveCfg = Debug|Any CPU
		{2373FB30-F9C5-4058-B67D-89AA42394BE9}.Debug|iPhone.Build.0 = Debug|Any CPU
		{2373FB30-F9C5-4058-B67D-89AA42394BE9}.Debug|iPhone.Deploy.0 = Debug|Any CPU
		{2373FB30-F9C5-4058-B67D-89AA42394BE9}.Debug|iPhoneSimulator.ActiveCfg = Debug|Any CPU
		{2373FB30-F9C5-4058-B67D-89AA42394BE9}.Debug|iPhoneSimulator.Build.0 = Debug|Any CPU
		{2373FB30-F9C5-4058-B67D-89AA42394BE9}.Debug|iPhoneSimulator.Deploy.0 = Debug|Any CPU
		{2373FB30-F9C5-4058-B67D-89AA42394BE9}.Debug|x64.ActiveCfg = Debug|x64
		{2373FB30-F9C5-4058-B67D-89AA42394BE9}.Debug|x64.Build.0 = Debug|x64
		{2373FB30-F9C5-4058-B67D-89AA42394BE9}.Debug|x64.Deploy.0 = Debug|x64
		{2373FB30-F9C5-4058-B67D-89AA42394BE9}.Debug|x86.ActiveCfg = Debug|x86
		{2373FB30-F9C5-4058-B67D-89AA42394BE9}.Debug|x86.Build.0 = Debug|x86
		{2373FB30-F9C5-4058-B67D-89AA42394BE9}.Debug|x86.Deploy.0 = Debug|x86
		{2373FB30-F9C5-4058-B67D-89AA42394BE9}.Release|Any CPU.ActiveCfg = Release|Any CPU
		{2373FB30-F9C5-4058-B67D-89AA42394BE9}.Release|Any CPU.Build.0 = Release|Any CPU
		{2373FB30-F9C5-4058-B67D-89AA42394BE9}.Release|Any CPU.Deploy.0 = Release|Any CPU
		{2373FB30-F9C5-4058-B67D-89AA42394BE9}.Release|ARM.ActiveCfg = Release|ARM
		{2373FB30-F9C5-4058-B67D-89AA42394BE9}.Release|ARM.Build.0 = Release|ARM
		{2373FB30-F9C5-4058-B67D-89AA42394BE9}.Release|ARM.Deploy.0 = Release|ARM
		{2373FB30-F9C5-4058-B67D-89AA42394BE9}.Release|iPhone.ActiveCfg = Release|Any CPU
		{2373FB30-F9C5-4058-B67D-89AA42394BE9}.Release|iPhone.Build.0 = Release|Any CPU
		{2373FB30-F9C5-4058-B67D-89AA42394BE9}.Release|iPhone.Deploy.0 = Release|Any CPU
		{2373FB30-F9C5-4058-B67D-89AA42394BE9}.Release|iPhoneSimulator.ActiveCfg = Release|Any CPU
		{2373FB30-F9C5-4058-B67D-89AA42394BE9}.Release|iPhoneSimulator.Build.0 = Release|Any CPU
		{2373FB30-F9C5-4058-B67D-89AA42394BE9}.Release|iPhoneSimulator.Deploy.0 = Release|Any CPU
		{2373FB30-F9C5-4058-B67D-89AA42394BE9}.Release|x64.ActiveCfg = Release|x64
		{2373FB30-F9C5-4058-B67D-89AA42394BE9}.Release|x64.Build.0 = Release|x64
		{2373FB30-F9C5-4058-B67D-89AA42394BE9}.Release|x64.Deploy.0 = Release|x64
		{2373FB30-F9C5-4058-B67D-89AA42394BE9}.Release|x86.ActiveCfg = Release|x86
		{2373FB30-F9C5-4058-B67D-89AA42394BE9}.Release|x86.Build.0 = Release|x86
		{2373FB30-F9C5-4058-B67D-89AA42394BE9}.Release|x86.Deploy.0 = Release|x86
		{91A9A1E9-A1E2-47D3-9E2A-7E301CB9EFE1}.Ad-Hoc|Any CPU.ActiveCfg = Release|Any CPU
		{91A9A1E9-A1E2-47D3-9E2A-7E301CB9EFE1}.Ad-Hoc|Any CPU.Build.0 = Release|Any CPU
		{91A9A1E9-A1E2-47D3-9E2A-7E301CB9EFE1}.Ad-Hoc|ARM.ActiveCfg = Release|Any CPU
		{91A9A1E9-A1E2-47D3-9E2A-7E301CB9EFE1}.Ad-Hoc|ARM.Build.0 = Release|Any CPU
		{91A9A1E9-A1E2-47D3-9E2A-7E301CB9EFE1}.Ad-Hoc|iPhone.ActiveCfg = Release|Any CPU
		{91A9A1E9-A1E2-47D3-9E2A-7E301CB9EFE1}.Ad-Hoc|iPhone.Build.0 = Release|Any CPU
		{91A9A1E9-A1E2-47D3-9E2A-7E301CB9EFE1}.Ad-Hoc|iPhoneSimulator.ActiveCfg = Release|Any CPU
		{91A9A1E9-A1E2-47D3-9E2A-7E301CB9EFE1}.Ad-Hoc|iPhoneSimulator.Build.0 = Release|Any CPU
		{91A9A1E9-A1E2-47D3-9E2A-7E301CB9EFE1}.Ad-Hoc|x64.ActiveCfg = Release|Any CPU
		{91A9A1E9-A1E2-47D3-9E2A-7E301CB9EFE1}.Ad-Hoc|x64.Build.0 = Release|Any CPU
		{91A9A1E9-A1E2-47D3-9E2A-7E301CB9EFE1}.Ad-Hoc|x86.ActiveCfg = Release|Any CPU
		{91A9A1E9-A1E2-47D3-9E2A-7E301CB9EFE1}.Ad-Hoc|x86.Build.0 = Release|Any CPU
		{91A9A1E9-A1E2-47D3-9E2A-7E301CB9EFE1}.AppStore|Any CPU.ActiveCfg = Release|Any CPU
		{91A9A1E9-A1E2-47D3-9E2A-7E301CB9EFE1}.AppStore|Any CPU.Build.0 = Release|Any CPU
		{91A9A1E9-A1E2-47D3-9E2A-7E301CB9EFE1}.AppStore|ARM.ActiveCfg = Release|Any CPU
		{91A9A1E9-A1E2-47D3-9E2A-7E301CB9EFE1}.AppStore|ARM.Build.0 = Release|Any CPU
		{91A9A1E9-A1E2-47D3-9E2A-7E301CB9EFE1}.AppStore|iPhone.ActiveCfg = Release|Any CPU
		{91A9A1E9-A1E2-47D3-9E2A-7E301CB9EFE1}.AppStore|iPhone.Build.0 = Release|Any CPU
		{91A9A1E9-A1E2-47D3-9E2A-7E301CB9EFE1}.AppStore|iPhoneSimulator.ActiveCfg = Release|Any CPU
		{91A9A1E9-A1E2-47D3-9E2A-7E301CB9EFE1}.AppStore|iPhoneSimulator.Build.0 = Release|Any CPU
		{91A9A1E9-A1E2-47D3-9E2A-7E301CB9EFE1}.AppStore|x64.ActiveCfg = Release|Any CPU
		{91A9A1E9-A1E2-47D3-9E2A-7E301CB9EFE1}.AppStore|x64.Build.0 = Release|Any CPU
		{91A9A1E9-A1E2-47D3-9E2A-7E301CB9EFE1}.AppStore|x86.ActiveCfg = Release|Any CPU
		{91A9A1E9-A1E2-47D3-9E2A-7E301CB9EFE1}.AppStore|x86.Build.0 = Release|Any CPU
		{91A9A1E9-A1E2-47D3-9E2A-7E301CB9EFE1}.Debug|Any CPU.ActiveCfg = Debug|Any CPU
		{91A9A1E9-A1E2-47D3-9E2A-7E301CB9EFE1}.Debug|Any CPU.Build.0 = Debug|Any CPU
		{91A9A1E9-A1E2-47D3-9E2A-7E301CB9EFE1}.Debug|ARM.ActiveCfg = Debug|Any CPU
		{91A9A1E9-A1E2-47D3-9E2A-7E301CB9EFE1}.Debug|ARM.Build.0 = Debug|Any CPU
		{91A9A1E9-A1E2-47D3-9E2A-7E301CB9EFE1}.Debug|iPhone.ActiveCfg = Debug|Any CPU
		{91A9A1E9-A1E2-47D3-9E2A-7E301CB9EFE1}.Debug|iPhone.Build.0 = Debug|Any CPU
		{91A9A1E9-A1E2-47D3-9E2A-7E301CB9EFE1}.Debug|iPhoneSimulator.ActiveCfg = Debug|Any CPU
		{91A9A1E9-A1E2-47D3-9E2A-7E301CB9EFE1}.Debug|iPhoneSimulator.Build.0 = Debug|Any CPU
		{91A9A1E9-A1E2-47D3-9E2A-7E301CB9EFE1}.Debug|x64.ActiveCfg = Debug|Any CPU
		{91A9A1E9-A1E2-47D3-9E2A-7E301CB9EFE1}.Debug|x64.Build.0 = Debug|Any CPU
		{91A9A1E9-A1E2-47D3-9E2A-7E301CB9EFE1}.Debug|x86.ActiveCfg = Debug|Any CPU
		{91A9A1E9-A1E2-47D3-9E2A-7E301CB9EFE1}.Debug|x86.Build.0 = Debug|Any CPU
		{91A9A1E9-A1E2-47D3-9E2A-7E301CB9EFE1}.Release|Any CPU.ActiveCfg = Release|Any CPU
		{91A9A1E9-A1E2-47D3-9E2A-7E301CB9EFE1}.Release|Any CPU.Build.0 = Release|Any CPU
		{91A9A1E9-A1E2-47D3-9E2A-7E301CB9EFE1}.Release|ARM.ActiveCfg = Release|Any CPU
		{91A9A1E9-A1E2-47D3-9E2A-7E301CB9EFE1}.Release|ARM.Build.0 = Release|Any CPU
		{91A9A1E9-A1E2-47D3-9E2A-7E301CB9EFE1}.Release|iPhone.ActiveCfg = Release|Any CPU
		{91A9A1E9-A1E2-47D3-9E2A-7E301CB9EFE1}.Release|iPhone.Build.0 = Release|Any CPU
		{91A9A1E9-A1E2-47D3-9E2A-7E301CB9EFE1}.Release|iPhoneSimulator.ActiveCfg = Release|Any CPU
		{91A9A1E9-A1E2-47D3-9E2A-7E301CB9EFE1}.Release|iPhoneSimulator.Build.0 = Release|Any CPU
		{91A9A1E9-A1E2-47D3-9E2A-7E301CB9EFE1}.Release|x64.ActiveCfg = Release|Any CPU
		{91A9A1E9-A1E2-47D3-9E2A-7E301CB9EFE1}.Release|x64.Build.0 = Release|Any CPU
		{91A9A1E9-A1E2-47D3-9E2A-7E301CB9EFE1}.Release|x86.ActiveCfg = Release|Any CPU
		{91A9A1E9-A1E2-47D3-9E2A-7E301CB9EFE1}.Release|x86.Build.0 = Release|Any CPU
	EndGlobalSection
	GlobalSection(SolutionProperties) = preSolution
		HideSolutionNode = FALSE
	EndGlobalSection
EndGlobal
