
Microsoft Visual Studio Solution File, Format Version 12.00
# Visual Studio Version 16
VisualStudioVersion = 16.0.29123.89
MinimumVisualStudioVersion = 10.0.40219.1
Project("{FAE04EC0-301F-11D3-BF4B-00C04F79EFBC}") = "MobileKidsIdApp.Android", "MobileKidsIdApp\MobileKidsIdApp.Android\MobileKidsIdApp.Android.csproj", "{29CA5279-E40B-4987-BD02-F690670825C8}"
EndProject
Project("{FAE04EC0-301F-11D3-BF4B-00C04F79EFBC}") = "MobileKidsIdApp.iOS", "MobileKidsIdApp\MobileKidsIdApp.iOS\MobileKidsIdApp.iOS.csproj", "{B1DF7D3B-407C-4BFE-86BC-F3C78A00BC5F}"
EndProject
Project("{9A19103F-16F7-4668-BE54-9A1E7A4F7556}") = "MobileKidsIdApp", "MobileKidsIdApp\MobileKidsIdApp\MobileKidsIdApp.csproj", "{C16814AE-85B2-4DF5-89AB-957D6D68D946}"
EndProject
Global
	GlobalSection(SolutionConfigurationPlatforms) = preSolution
		Ad-Hoc|Any CPU = Ad-Hoc|Any CPU
		Ad-Hoc|ARM = Ad-Hoc|ARM
		Ad-Hoc|iPhone = Ad-Hoc|iPhone
		Ad-Hoc|iPhoneSimulator = Ad-Hoc|iPhoneSimulator
		Ad-Hoc|x64 = Ad-Hoc|x64
		Ad-Hoc|x86 = Ad-Hoc|x86
		AppStore|Any CPU = AppStore|Any CPU
		AppStore|ARM = AppStore|ARM
		AppStore|iPhone = AppStore|iPhone
		AppStore|iPhoneSimulator = AppStore|iPhoneSimulator
		AppStore|x64 = AppStore|x64
		AppStore|x86 = AppStore|x86
		Debug|Any CPU = Debug|Any CPU
		Debug|ARM = Debug|ARM
		Debug|iPhone = Debug|iPhone
		Debug|iPhoneSimulator = Debug|iPhoneSimulator
		Debug|x64 = Debug|x64
		Debug|x86 = Debug|x86
		Release|Any CPU = Release|Any CPU
		Release|ARM = Release|ARM
		Release|iPhone = Release|iPhone
		Release|iPhoneSimulator = Release|iPhoneSimulator
		Release|x64 = Release|x64
		Release|x86 = Release|x86
	EndGlobalSection
	GlobalSection(ProjectConfigurationPlatforms) = postSolution
		{29CA5279-E40B-4987-BD02-F690670825C8}.Ad-Hoc|Any CPU.ActiveCfg = Release|Any CPU
		{29CA5279-E40B-4987-BD02-F690670825C8}.Ad-Hoc|Any CPU.Build.0 = Release|Any CPU
		{29CA5279-E40B-4987-BD02-F690670825C8}.Ad-Hoc|Any CPU.Deploy.0 = Release|Any CPU
		{29CA5279-E40B-4987-BD02-F690670825C8}.Ad-Hoc|ARM.ActiveCfg = Release|Any CPU
		{29CA5279-E40B-4987-BD02-F690670825C8}.Ad-Hoc|ARM.Build.0 = Release|Any CPU
		{29CA5279-E40B-4987-BD02-F690670825C8}.Ad-Hoc|ARM.Deploy.0 = Release|Any CPU
		{29CA5279-E40B-4987-BD02-F690670825C8}.Ad-Hoc|iPhone.ActiveCfg = Release|Any CPU
		{29CA5279-E40B-4987-BD02-F690670825C8}.Ad-Hoc|iPhone.Build.0 = Release|Any CPU
		{29CA5279-E40B-4987-BD02-F690670825C8}.Ad-Hoc|iPhone.Deploy.0 = Release|Any CPU
		{29CA5279-E40B-4987-BD02-F690670825C8}.Ad-Hoc|iPhoneSimulator.ActiveCfg = Release|Any CPU
		{29CA5279-E40B-4987-BD02-F690670825C8}.Ad-Hoc|iPhoneSimulator.Build.0 = Release|Any CPU
		{29CA5279-E40B-4987-BD02-F690670825C8}.Ad-Hoc|iPhoneSimulator.Deploy.0 = Release|Any CPU
		{29CA5279-E40B-4987-BD02-F690670825C8}.Ad-Hoc|x64.ActiveCfg = Release|Any CPU
		{29CA5279-E40B-4987-BD02-F690670825C8}.Ad-Hoc|x64.Build.0 = Release|Any CPU
		{29CA5279-E40B-4987-BD02-F690670825C8}.Ad-Hoc|x64.Deploy.0 = Release|Any CPU
		{29CA5279-E40B-4987-BD02-F690670825C8}.Ad-Hoc|x86.ActiveCfg = Release|Any CPU
		{29CA5279-E40B-4987-BD02-F690670825C8}.Ad-Hoc|x86.Build.0 = Release|Any CPU
		{29CA5279-E40B-4987-BD02-F690670825C8}.Ad-Hoc|x86.Deploy.0 = Release|Any CPU
		{29CA5279-E40B-4987-BD02-F690670825C8}.AppStore|Any CPU.ActiveCfg = Release|Any CPU
		{29CA5279-E40B-4987-BD02-F690670825C8}.AppStore|Any CPU.Build.0 = Release|Any CPU
		{29CA5279-E40B-4987-BD02-F690670825C8}.AppStore|Any CPU.Deploy.0 = Release|Any CPU
		{29CA5279-E40B-4987-BD02-F690670825C8}.AppStore|ARM.ActiveCfg = Release|Any CPU
		{29CA5279-E40B-4987-BD02-F690670825C8}.AppStore|ARM.Build.0 = Release|Any CPU
		{29CA5279-E40B-4987-BD02-F690670825C8}.AppStore|ARM.Deploy.0 = Release|Any CPU
		{29CA5279-E40B-4987-BD02-F690670825C8}.AppStore|iPhone.ActiveCfg = Release|Any CPU
		{29CA5279-E40B-4987-BD02-F690670825C8}.AppStore|iPhone.Build.0 = Release|Any CPU
		{29CA5279-E40B-4987-BD02-F690670825C8}.AppStore|iPhone.Deploy.0 = Release|Any CPU
		{29CA5279-E40B-4987-BD02-F690670825C8}.AppStore|iPhoneSimulator.ActiveCfg = Release|Any CPU
		{29CA5279-E40B-4987-BD02-F690670825C8}.AppStore|iPhoneSimulator.Build.0 = Release|Any CPU
		{29CA5279-E40B-4987-BD02-F690670825C8}.AppStore|iPhoneSimulator.Deploy.0 = Release|Any CPU
		{29CA5279-E40B-4987-BD02-F690670825C8}.AppStore|x64.ActiveCfg = Release|Any CPU
		{29CA5279-E40B-4987-BD02-F690670825C8}.AppStore|x64.Build.0 = Release|Any CPU
		{29CA5279-E40B-4987-BD02-F690670825C8}.AppStore|x64.Deploy.0 = Release|Any CPU
		{29CA5279-E40B-4987-BD02-F690670825C8}.AppStore|x86.ActiveCfg = Release|Any CPU
		{29CA5279-E40B-4987-BD02-F690670825C8}.AppStore|x86.Build.0 = Release|Any CPU
		{29CA5279-E40B-4987-BD02-F690670825C8}.AppStore|x86.Deploy.0 = Release|Any CPU
		{29CA5279-E40B-4987-BD02-F690670825C8}.Debug|Any CPU.ActiveCfg = Debug|Any CPU
		{29CA5279-E40B-4987-BD02-F690670825C8}.Debug|Any CPU.Build.0 = Debug|Any CPU
		{29CA5279-E40B-4987-BD02-F690670825C8}.Debug|Any CPU.Deploy.0 = Debug|Any CPU
		{29CA5279-E40B-4987-BD02-F690670825C8}.Debug|ARM.ActiveCfg = Debug|Any CPU
		{29CA5279-E40B-4987-BD02-F690670825C8}.Debug|ARM.Build.0 = Debug|Any CPU
		{29CA5279-E40B-4987-BD02-F690670825C8}.Debug|ARM.Deploy.0 = Debug|Any CPU
		{29CA5279-E40B-4987-BD02-F690670825C8}.Debug|iPhone.ActiveCfg = Debug|Any CPU
		{29CA5279-E40B-4987-BD02-F690670825C8}.Debug|iPhone.Build.0 = Debug|Any CPU
		{29CA5279-E40B-4987-BD02-F690670825C8}.Debug|iPhone.Deploy.0 = Debug|Any CPU
		{29CA5279-E40B-4987-BD02-F690670825C8}.Debug|iPhoneSimulator.ActiveCfg = Debug|Any CPU
		{29CA5279-E40B-4987-BD02-F690670825C8}.Debug|iPhoneSimulator.Build.0 = Debug|Any CPU
		{29CA5279-E40B-4987-BD02-F690670825C8}.Debug|iPhoneSimulator.Deploy.0 = Debug|Any CPU
		{29CA5279-E40B-4987-BD02-F690670825C8}.Debug|x64.ActiveCfg = Debug|Any CPU
		{29CA5279-E40B-4987-BD02-F690670825C8}.Debug|x64.Build.0 = Debug|Any CPU
		{29CA5279-E40B-4987-BD02-F690670825C8}.Debug|x64.Deploy.0 = Debug|Any CPU
		{29CA5279-E40B-4987-BD02-F690670825C8}.Debug|x86.ActiveCfg = Debug|Any CPU
		{29CA5279-E40B-4987-BD02-F690670825C8}.Debug|x86.Build.0 = Debug|Any CPU
		{29CA5279-E40B-4987-BD02-F690670825C8}.Debug|x86.Deploy.0 = Debug|Any CPU
		{29CA5279-E40B-4987-BD02-F690670825C8}.Release|Any CPU.ActiveCfg = Release|Any CPU
		{29CA5279-E40B-4987-BD02-F690670825C8}.Release|Any CPU.Build.0 = Release|Any CPU
		{29CA5279-E40B-4987-BD02-F690670825C8}.Release|Any CPU.Deploy.0 = Release|Any CPU
		{29CA5279-E40B-4987-BD02-F690670825C8}.Release|ARM.ActiveCfg = Release|Any CPU
		{29CA5279-E40B-4987-BD02-F690670825C8}.Release|ARM.Build.0 = Release|Any CPU
		{29CA5279-E40B-4987-BD02-F690670825C8}.Release|ARM.Deploy.0 = Release|Any CPU
		{29CA5279-E40B-4987-BD02-F690670825C8}.Release|iPhone.ActiveCfg = Release|Any CPU
		{29CA5279-E40B-4987-BD02-F690670825C8}.Release|iPhone.Build.0 = Release|Any CPU
		{29CA5279-E40B-4987-BD02-F690670825C8}.Release|iPhone.Deploy.0 = Release|Any CPU
		{29CA5279-E40B-4987-BD02-F690670825C8}.Release|iPhoneSimulator.ActiveCfg = Release|Any CPU
		{29CA5279-E40B-4987-BD02-F690670825C8}.Release|iPhoneSimulator.Build.0 = Release|Any CPU
		{29CA5279-E40B-4987-BD02-F690670825C8}.Release|iPhoneSimulator.Deploy.0 = Release|Any CPU
		{29CA5279-E40B-4987-BD02-F690670825C8}.Release|x64.ActiveCfg = Release|Any CPU
		{29CA5279-E40B-4987-BD02-F690670825C8}.Release|x64.Build.0 = Release|Any CPU
		{29CA5279-E40B-4987-BD02-F690670825C8}.Release|x64.Deploy.0 = Release|Any CPU
		{29CA5279-E40B-4987-BD02-F690670825C8}.Release|x86.ActiveCfg = Release|Any CPU
		{29CA5279-E40B-4987-BD02-F690670825C8}.Release|x86.Build.0 = Release|Any CPU
		{29CA5279-E40B-4987-BD02-F690670825C8}.Release|x86.Deploy.0 = Release|Any CPU
		{B1DF7D3B-407C-4BFE-86BC-F3C78A00BC5F}.Ad-Hoc|Any CPU.ActiveCfg = Ad-Hoc|iPhone
		{B1DF7D3B-407C-4BFE-86BC-F3C78A00BC5F}.Ad-Hoc|ARM.ActiveCfg = Ad-Hoc|iPhone
		{B1DF7D3B-407C-4BFE-86BC-F3C78A00BC5F}.Ad-Hoc|iPhone.ActiveCfg = Ad-Hoc|iPhone
		{B1DF7D3B-407C-4BFE-86BC-F3C78A00BC5F}.Ad-Hoc|iPhone.Build.0 = Ad-Hoc|iPhone
		{B1DF7D3B-407C-4BFE-86BC-F3C78A00BC5F}.Ad-Hoc|iPhoneSimulator.ActiveCfg = Ad-Hoc|iPhoneSimulator
		{B1DF7D3B-407C-4BFE-86BC-F3C78A00BC5F}.Ad-Hoc|iPhoneSimulator.Build.0 = Ad-Hoc|iPhoneSimulator
		{B1DF7D3B-407C-4BFE-86BC-F3C78A00BC5F}.Ad-Hoc|x64.ActiveCfg = Ad-Hoc|iPhone
		{B1DF7D3B-407C-4BFE-86BC-F3C78A00BC5F}.Ad-Hoc|x86.ActiveCfg = Ad-Hoc|iPhone
		{B1DF7D3B-407C-4BFE-86BC-F3C78A00BC5F}.AppStore|Any CPU.ActiveCfg = AppStore|iPhone
		{B1DF7D3B-407C-4BFE-86BC-F3C78A00BC5F}.AppStore|ARM.ActiveCfg = AppStore|iPhone
		{B1DF7D3B-407C-4BFE-86BC-F3C78A00BC5F}.AppStore|iPhone.ActiveCfg = AppStore|iPhone
		{B1DF7D3B-407C-4BFE-86BC-F3C78A00BC5F}.AppStore|iPhone.Build.0 = AppStore|iPhone
		{B1DF7D3B-407C-4BFE-86BC-F3C78A00BC5F}.AppStore|iPhoneSimulator.ActiveCfg = AppStore|iPhoneSimulator
		{B1DF7D3B-407C-4BFE-86BC-F3C78A00BC5F}.AppStore|iPhoneSimulator.Build.0 = AppStore|iPhoneSimulator
		{B1DF7D3B-407C-4BFE-86BC-F3C78A00BC5F}.AppStore|x64.ActiveCfg = AppStore|iPhone
		{B1DF7D3B-407C-4BFE-86BC-F3C78A00BC5F}.AppStore|x86.ActiveCfg = AppStore|iPhone
		{B1DF7D3B-407C-4BFE-86BC-F3C78A00BC5F}.Debug|Any CPU.ActiveCfg = Debug|iPhone
		{B1DF7D3B-407C-4BFE-86BC-F3C78A00BC5F}.Debug|ARM.ActiveCfg = Debug|iPhone
		{B1DF7D3B-407C-4BFE-86BC-F3C78A00BC5F}.Debug|iPhone.ActiveCfg = Debug|iPhone
		{B1DF7D3B-407C-4BFE-86BC-F3C78A00BC5F}.Debug|iPhone.Build.0 = Debug|iPhone
		{B1DF7D3B-407C-4BFE-86BC-F3C78A00BC5F}.Debug|iPhoneSimulator.ActiveCfg = Debug|iPhoneSimulator
		{B1DF7D3B-407C-4BFE-86BC-F3C78A00BC5F}.Debug|iPhoneSimulator.Build.0 = Debug|iPhoneSimulator
		{B1DF7D3B-407C-4BFE-86BC-F3C78A00BC5F}.Debug|x64.ActiveCfg = Debug|iPhone
		{B1DF7D3B-407C-4BFE-86BC-F3C78A00BC5F}.Debug|x86.ActiveCfg = Debug|iPhone
		{B1DF7D3B-407C-4BFE-86BC-F3C78A00BC5F}.Release|Any CPU.ActiveCfg = Release|iPhone
		{B1DF7D3B-407C-4BFE-86BC-F3C78A00BC5F}.Release|ARM.ActiveCfg = Release|iPhone
		{B1DF7D3B-407C-4BFE-86BC-F3C78A00BC5F}.Release|iPhone.ActiveCfg = Release|iPhone
		{B1DF7D3B-407C-4BFE-86BC-F3C78A00BC5F}.Release|iPhone.Build.0 = Release|iPhone
		{B1DF7D3B-407C-4BFE-86BC-F3C78A00BC5F}.Release|iPhoneSimulator.ActiveCfg = Release|iPhoneSimulator
		{B1DF7D3B-407C-4BFE-86BC-F3C78A00BC5F}.Release|iPhoneSimulator.Build.0 = Release|iPhoneSimulator
		{B1DF7D3B-407C-4BFE-86BC-F3C78A00BC5F}.Release|x64.ActiveCfg = Release|iPhone
		{B1DF7D3B-407C-4BFE-86BC-F3C78A00BC5F}.Release|x86.ActiveCfg = Release|iPhone
		{C16814AE-85B2-4DF5-89AB-957D6D68D946}.Ad-Hoc|Any CPU.ActiveCfg = Debug|Any CPU
		{C16814AE-85B2-4DF5-89AB-957D6D68D946}.Ad-Hoc|Any CPU.Build.0 = Debug|Any CPU
		{C16814AE-85B2-4DF5-89AB-957D6D68D946}.Ad-Hoc|ARM.ActiveCfg = Debug|Any CPU
		{C16814AE-85B2-4DF5-89AB-957D6D68D946}.Ad-Hoc|ARM.Build.0 = Debug|Any CPU
		{C16814AE-85B2-4DF5-89AB-957D6D68D946}.Ad-Hoc|iPhone.ActiveCfg = Debug|Any CPU
		{C16814AE-85B2-4DF5-89AB-957D6D68D946}.Ad-Hoc|iPhone.Build.0 = Debug|Any CPU
		{C16814AE-85B2-4DF5-89AB-957D6D68D946}.Ad-Hoc|iPhoneSimulator.ActiveCfg = Debug|Any CPU
		{C16814AE-85B2-4DF5-89AB-957D6D68D946}.Ad-Hoc|iPhoneSimulator.Build.0 = Debug|Any CPU
		{C16814AE-85B2-4DF5-89AB-957D6D68D946}.Ad-Hoc|x64.ActiveCfg = Debug|Any CPU
		{C16814AE-85B2-4DF5-89AB-957D6D68D946}.Ad-Hoc|x64.Build.0 = Debug|Any CPU
		{C16814AE-85B2-4DF5-89AB-957D6D68D946}.Ad-Hoc|x86.ActiveCfg = Debug|Any CPU
		{C16814AE-85B2-4DF5-89AB-957D6D68D946}.Ad-Hoc|x86.Build.0 = Debug|Any CPU
		{C16814AE-85B2-4DF5-89AB-957D6D68D946}.AppStore|Any CPU.ActiveCfg = Debug|Any CPU
		{C16814AE-85B2-4DF5-89AB-957D6D68D946}.AppStore|Any CPU.Build.0 = Debug|Any CPU
		{C16814AE-85B2-4DF5-89AB-957D6D68D946}.AppStore|ARM.ActiveCfg = Debug|Any CPU
		{C16814AE-85B2-4DF5-89AB-957D6D68D946}.AppStore|ARM.Build.0 = Debug|Any CPU
		{C16814AE-85B2-4DF5-89AB-957D6D68D946}.AppStore|iPhone.ActiveCfg = Debug|Any CPU
		{C16814AE-85B2-4DF5-89AB-957D6D68D946}.AppStore|iPhone.Build.0 = Debug|Any CPU
		{C16814AE-85B2-4DF5-89AB-957D6D68D946}.AppStore|iPhoneSimulator.ActiveCfg = Debug|Any CPU
		{C16814AE-85B2-4DF5-89AB-957D6D68D946}.AppStore|iPhoneSimulator.Build.0 = Debug|Any CPU
		{C16814AE-85B2-4DF5-89AB-957D6D68D946}.AppStore|x64.ActiveCfg = Debug|Any CPU
		{C16814AE-85B2-4DF5-89AB-957D6D68D946}.AppStore|x64.Build.0 = Debug|Any CPU
		{C16814AE-85B2-4DF5-89AB-957D6D68D946}.AppStore|x86.ActiveCfg = Debug|Any CPU
		{C16814AE-85B2-4DF5-89AB-957D6D68D946}.AppStore|x86.Build.0 = Debug|Any CPU
		{C16814AE-85B2-4DF5-89AB-957D6D68D946}.Debug|Any CPU.ActiveCfg = Debug|Any CPU
		{C16814AE-85B2-4DF5-89AB-957D6D68D946}.Debug|Any CPU.Build.0 = Debug|Any CPU
		{C16814AE-85B2-4DF5-89AB-957D6D68D946}.Debug|ARM.ActiveCfg = Debug|Any CPU
		{C16814AE-85B2-4DF5-89AB-957D6D68D946}.Debug|ARM.Build.0 = Debug|Any CPU
		{C16814AE-85B2-4DF5-89AB-957D6D68D946}.Debug|iPhone.ActiveCfg = Debug|Any CPU
		{C16814AE-85B2-4DF5-89AB-957D6D68D946}.Debug|iPhone.Build.0 = Debug|Any CPU
		{C16814AE-85B2-4DF5-89AB-957D6D68D946}.Debug|iPhoneSimulator.ActiveCfg = Debug|Any CPU
		{C16814AE-85B2-4DF5-89AB-957D6D68D946}.Debug|iPhoneSimulator.Build.0 = Debug|Any CPU
		{C16814AE-85B2-4DF5-89AB-957D6D68D946}.Debug|x64.ActiveCfg = Debug|Any CPU
		{C16814AE-85B2-4DF5-89AB-957D6D68D946}.Debug|x64.Build.0 = Debug|Any CPU
		{C16814AE-85B2-4DF5-89AB-957D6D68D946}.Debug|x86.ActiveCfg = Debug|Any CPU
		{C16814AE-85B2-4DF5-89AB-957D6D68D946}.Debug|x86.Build.0 = Debug|Any CPU
		{C16814AE-85B2-4DF5-89AB-957D6D68D946}.Release|Any CPU.ActiveCfg = Release|Any CPU
		{C16814AE-85B2-4DF5-89AB-957D6D68D946}.Release|Any CPU.Build.0 = Release|Any CPU
		{C16814AE-85B2-4DF5-89AB-957D6D68D946}.Release|ARM.ActiveCfg = Release|Any CPU
		{C16814AE-85B2-4DF5-89AB-957D6D68D946}.Release|ARM.Build.0 = Release|Any CPU
		{C16814AE-85B2-4DF5-89AB-957D6D68D946}.Release|iPhone.ActiveCfg = Release|Any CPU
		{C16814AE-85B2-4DF5-89AB-957D6D68D946}.Release|iPhone.Build.0 = Release|Any CPU
		{C16814AE-85B2-4DF5-89AB-957D6D68D946}.Release|iPhoneSimulator.ActiveCfg = Release|Any CPU
		{C16814AE-85B2-4DF5-89AB-957D6D68D946}.Release|iPhoneSimulator.Build.0 = Release|Any CPU
		{C16814AE-85B2-4DF5-89AB-957D6D68D946}.Release|x64.ActiveCfg = Release|Any CPU
		{C16814AE-85B2-4DF5-89AB-957D6D68D946}.Release|x64.Build.0 = Release|Any CPU
		{C16814AE-85B2-4DF5-89AB-957D6D68D946}.Release|x86.ActiveCfg = Release|Any CPU
		{C16814AE-85B2-4DF5-89AB-957D6D68D946}.Release|x86.Build.0 = Release|Any CPU
	EndGlobalSection
	GlobalSection(SolutionProperties) = preSolution
		HideSolutionNode = FALSE
	EndGlobalSection
	GlobalSection(ExtensibilityGlobals) = postSolution
		SolutionGuid = {F0B94AC9-C52D-40DC-8275-A7688EAE8835}
	EndGlobalSection
EndGlobal
